// !$*UTF8*$!
{
	archiveVersion = 1;
	classes = {
	};
	objectVersion = 50;
	objects = {

/* Begin PBXBuildFile section */
		5D46458DB41B31260940E2DE /* Pods_HuChuangApp.framework in Frameworks */ = {isa = PBXBuildFile; fileRef = DA49B288AA9976792B904C2F /* Pods_HuChuangApp.framework */; };
		B8BE34ED2214598F00EF16F1 /* MineHeader.swift in Sources */ = {isa = PBXBuildFile; fileRef = B8BE34EC2214598F00EF16F1 /* MineHeader.swift */; };
		B8BE34EF2214599B00EF16F1 /* MineHeaderView.xib in Resources */ = {isa = PBXBuildFile; fileRef = B8BE34EE2214599B00EF16F1 /* MineHeaderView.xib */; };
		B8BE34F222145DF000EF16F1 /* UserFunctionButton.swift in Sources */ = {isa = PBXBuildFile; fileRef = B8BE34F122145DF000EF16F1 /* UserFunctionButton.swift */; };
		B8BE34F42214645900EF16F1 /* MineViewModel.swift in Sources */ = {isa = PBXBuildFile; fileRef = B8BE34F32214645900EF16F1 /* MineViewModel.swift */; };
		B8BE34F7221465D900EF16F1 /* MineCell.swift in Sources */ = {isa = PBXBuildFile; fileRef = B8BE34F5221465D900EF16F1 /* MineCell.swift */; };
		B8BE34F8221465D900EF16F1 /* MineCell.xib in Resources */ = {isa = PBXBuildFile; fileRef = B8BE34F6221465D900EF16F1 /* MineCell.xib */; };
		B8BE34FB221470B800EF16F1 /* HCEditUserInfoViewController.swift in Sources */ = {isa = PBXBuildFile; fileRef = B8BE34FA221470B800EF16F1 /* HCEditUserInfoViewController.swift */; };
		B8BE34FD221470D900EF16F1 /* EditUserInfoViewModel.swift in Sources */ = {isa = PBXBuildFile; fileRef = B8BE34FC221470D900EF16F1 /* EditUserInfoViewModel.swift */; };
		B8BE35042214723C00EF16F1 /* EditUserInfoCell.swift in Sources */ = {isa = PBXBuildFile; fileRef = B8BE35022214723C00EF16F1 /* EditUserInfoCell.swift */; };
		B8BE35052214723C00EF16F1 /* EditUserInfoCell.xib in Resources */ = {isa = PBXBuildFile; fileRef = B8BE35032214723C00EF16F1 /* EditUserInfoCell.xib */; };
		B8BE35092214738000EF16F1 /* EditUserInfoModel.swift in Sources */ = {isa = PBXBuildFile; fileRef = B8BE35082214738000EF16F1 /* EditUserInfoModel.swift */; };
		B8BE350B221478A900EF16F1 /* VCServer.swift in Sources */ = {isa = PBXBuildFile; fileRef = B8BE350A221478A900EF16F1 /* VCServer.swift */; };
		B8BE350D2214794900EF16F1 /* Bundle+Extension.swift in Sources */ = {isa = PBXBuildFile; fileRef = B8BE350C2214794900EF16F1 /* Bundle+Extension.swift */; };
		B8BE350F2214797200EF16F1 /* FileManager+Extension.swift in Sources */ = {isa = PBXBuildFile; fileRef = B8BE350E2214797200EF16F1 /* FileManager+Extension.swift */; };
		B8BE351122147AE600EF16F1 /* HCEditUserIconViewController.swift in Sources */ = {isa = PBXBuildFile; fileRef = B8BE351022147AE600EF16F1 /* HCEditUserIconViewController.swift */; };
		B8BE351322147AF500EF16F1 /* HCEditNickNameViewController.swift in Sources */ = {isa = PBXBuildFile; fileRef = B8BE351222147AF500EF16F1 /* HCEditNickNameViewController.swift */; };
		B8BE351522147AFF00EF16F1 /* HCEditSexViewController.swift in Sources */ = {isa = PBXBuildFile; fileRef = B8BE351422147AFF00EF16F1 /* HCEditSexViewController.swift */; };
		B8BE351722147B1E00EF16F1 /* HCEditBirthdayViewController.swift in Sources */ = {isa = PBXBuildFile; fileRef = B8BE351622147B1E00EF16F1 /* HCEditBirthdayViewController.swift */; };
		B8BE351922147B4000EF16F1 /* HCEditSynopsisViewController.swift in Sources */ = {isa = PBXBuildFile; fileRef = B8BE351822147B4000EF16F1 /* HCEditSynopsisViewController.swift */; };
		B8BE351B22147DE500EF16F1 /* EditViewModel.swift in Sources */ = {isa = PBXBuildFile; fileRef = B8BE351A22147DE500EF16F1 /* EditViewModel.swift */; };
		B8BE351D221484C600EF16F1 /* UINavigationController+BarButtonItem.swift in Sources */ = {isa = PBXBuildFile; fileRef = B8BE351C221484C600EF16F1 /* UINavigationController+BarButtonItem.swift */; };
		C42132F622054463006C10C4 /* Assets.xcassets in Resources */ = {isa = PBXBuildFile; fileRef = C42132F522054463006C10C4 /* Assets.xcassets */; };
		C42132F922054463006C10C4 /* LaunchScreen.storyboard in Resources */ = {isa = PBXBuildFile; fileRef = C42132F722054463006C10C4 /* LaunchScreen.storyboard */; };
		C421330B22056B59006C10C4 /* HCAppDelegate.swift in Sources */ = {isa = PBXBuildFile; fileRef = C421330A22056B59006C10C4 /* HCAppDelegate.swift */; };
		C421331222056BD1006C10C4 /* BaseNavigationController.swift in Sources */ = {isa = PBXBuildFile; fileRef = C421331122056BD1006C10C4 /* BaseNavigationController.swift */; };
		C421331422056C37006C10C4 /* Debug.swift in Sources */ = {isa = PBXBuildFile; fileRef = C421331322056C37006C10C4 /* Debug.swift */; };
		C421331622056C74006C10C4 /* HCAppConfig.swift in Sources */ = {isa = PBXBuildFile; fileRef = C421331522056C74006C10C4 /* HCAppConfig.swift */; };
		C421331822056D5E006C10C4 /* MainNavigationController.swift in Sources */ = {isa = PBXBuildFile; fileRef = C421331722056D5E006C10C4 /* MainNavigationController.swift */; };
		C421331A22056E55006C10C4 /* BaseViewController.swift in Sources */ = {isa = PBXBuildFile; fileRef = C421331922056E55006C10C4 /* BaseViewController.swift */; };
		C421331C22056E83006C10C4 /* ViewControllerServer.swift in Sources */ = {isa = PBXBuildFile; fileRef = C421331B22056E83006C10C4 /* ViewControllerServer.swift */; };
		C421332622056F24006C10C4 /* FrameView.swift in Sources */ = {isa = PBXBuildFile; fileRef = C421331E22056F24006C10C4 /* FrameView.swift */; };
		C421332722056F24006C10C4 /* HUDIndicatorView.swift in Sources */ = {isa = PBXBuildFile; fileRef = C421331F22056F24006C10C4 /* HUDIndicatorView.swift */; };
		C421332822056F24006C10C4 /* TYHUDAnimating.swift in Sources */ = {isa = PBXBuildFile; fileRef = C421332022056F24006C10C4 /* TYHUDAnimating.swift */; };
		C421332922056F24006C10C4 /* TYIndicatorBaseView.swift in Sources */ = {isa = PBXBuildFile; fileRef = C421332122056F24006C10C4 /* TYIndicatorBaseView.swift */; };
		C421332A22056F24006C10C4 /* BackgroundView.swift in Sources */ = {isa = PBXBuildFile; fileRef = C421332222056F24006C10C4 /* BackgroundView.swift */; };
		C421332B22056F24006C10C4 /* HUD.swift in Sources */ = {isa = PBXBuildFile; fileRef = C421332322056F24006C10C4 /* HUD.swift */; };
		C421332C22056F24006C10C4 /* TYHUD.swift in Sources */ = {isa = PBXBuildFile; fileRef = C421332422056F24006C10C4 /* TYHUD.swift */; };
		C421332D22056F24006C10C4 /* HUDUtil.swift in Sources */ = {isa = PBXBuildFile; fileRef = C421332522056F24006C10C4 /* HUDUtil.swift */; };
		C421332F22056F4C006C10C4 /* NoticesCenter.swift in Sources */ = {isa = PBXBuildFile; fileRef = C421332E22056F4C006C10C4 /* NoticesCenter.swift */; };
		C421333222056F96006C10C4 /* UIKit+Extension.swift in Sources */ = {isa = PBXBuildFile; fileRef = C421333122056F96006C10C4 /* UIKit+Extension.swift */; };
		C421333422056FB8006C10C4 /* UIDevice+Extension.swift in Sources */ = {isa = PBXBuildFile; fileRef = C421333322056FB8006C10C4 /* UIDevice+Extension.swift */; };
		C4213336220570B6006C10C4 /* UIView+Frame.swift in Sources */ = {isa = PBXBuildFile; fileRef = C4213335220570B6006C10C4 /* UIView+Frame.swift */; };
		C4213338220572C6006C10C4 /* HCMain.storyboard in Resources */ = {isa = PBXBuildFile; fileRef = C4213337220572C6006C10C4 /* HCMain.storyboard */; };
		C421333A220572F2006C10C4 /* HCTabBarViewController.swift in Sources */ = {isa = PBXBuildFile; fileRef = C4213339220572F2006C10C4 /* HCTabBarViewController.swift */; };
		C421333D220586BD006C10C4 /* HCHomeViewController.swift in Sources */ = {isa = PBXBuildFile; fileRef = C421333C220586BD006C10C4 /* HCHomeViewController.swift */; };
		C421333F220586D4006C10C4 /* HCConsultViewController.swift in Sources */ = {isa = PBXBuildFile; fileRef = C421333E220586D4006C10C4 /* HCConsultViewController.swift */; };
		C4213341220586DE006C10C4 /* HCCircleViewController.swift in Sources */ = {isa = PBXBuildFile; fileRef = C4213340220586DE006C10C4 /* HCCircleViewController.swift */; };
		C4213343220586E6006C10C4 /* HCMineViewController.swift in Sources */ = {isa = PBXBuildFile; fileRef = C4213342220586E6006C10C4 /* HCMineViewController.swift */; };
		C421334B220587DC006C10C4 /* Response+ModelMapper.swift in Sources */ = {isa = PBXBuildFile; fileRef = C4213348220587DC006C10C4 /* Response+ModelMapper.swift */; };
		C421334C220587DC006C10C4 /* HandyJSON+MapModel.swift in Sources */ = {isa = PBXBuildFile; fileRef = C4213349220587DC006C10C4 /* HandyJSON+MapModel.swift */; };
		C421334D220587DC006C10C4 /* Single+ModelMapper.swift in Sources */ = {isa = PBXBuildFile; fileRef = C421334A220587DC006C10C4 /* Single+ModelMapper.swift */; };
		C4213351220587F6006C10C4 /* CRAPI.swift in Sources */ = {isa = PBXBuildFile; fileRef = C421334E220587F6006C10C4 /* CRAPI.swift */; };
		C4213352220587F6006C10C4 /* APIAdapt.swift in Sources */ = {isa = PBXBuildFile; fileRef = C421334F220587F6006C10C4 /* APIAdapt.swift */; };
		C4213353220587F6006C10C4 /* APIServer.swift in Sources */ = {isa = PBXBuildFile; fileRef = C4213350220587F6006C10C4 /* APIServer.swift */; };
		C42133582205883D006C10C4 /* BaseViewModel.swift in Sources */ = {isa = PBXBuildFile; fileRef = C42133552205883D006C10C4 /* BaseViewModel.swift */; };
		C42133592205883D006C10C4 /* PageModel.swift in Sources */ = {isa = PBXBuildFile; fileRef = C42133562205883D006C10C4 /* PageModel.swift */; };
		C421335A2205883D006C10C4 /* RefreshServer.swift in Sources */ = {isa = PBXBuildFile; fileRef = C42133572205883D006C10C4 /* RefreshServer.swift */; };
		C421335D220588B7006C10C4 /* BaseModel.swift in Sources */ = {isa = PBXBuildFile; fileRef = C421335C220588B7006C10C4 /* BaseModel.swift */; };
		C421335F220588FD006C10C4 /* HandyModel.swift in Sources */ = {isa = PBXBuildFile; fileRef = C421335E220588FD006C10C4 /* HandyModel.swift */; };
		C421336122058E50006C10C4 /* HCLogin.storyboard in Resources */ = {isa = PBXBuildFile; fileRef = C421336022058E50006C10C4 /* HCLogin.storyboard */; };
		C421336622058F97006C10C4 /* HCLoginViewController.swift in Sources */ = {isa = PBXBuildFile; fileRef = C421336522058F97006C10C4 /* HCLoginViewController.swift */; };
		C42133682205902A006C10C4 /* AccountViewModel.swift in Sources */ = {isa = PBXBuildFile; fileRef = C42133672205902A006C10C4 /* AccountViewModel.swift */; };
		C421336E2205961D006C10C4 /* UIView+_Rx.swift in Sources */ = {isa = PBXBuildFile; fileRef = C421336A2205961D006C10C4 /* UIView+_Rx.swift */; };
		C421336F2205961D006C10C4 /* ObservableType+Extension.swift in Sources */ = {isa = PBXBuildFile; fileRef = C421336B2205961D006C10C4 /* ObservableType+Extension.swift */; };
		C42133702205961D006C10C4 /* SharedSequenceConvertibleType+Extension.swift in Sources */ = {isa = PBXBuildFile; fileRef = C421336C2205961D006C10C4 /* SharedSequenceConvertibleType+Extension.swift */; };
		C42133712205961D006C10C4 /* UIControl+_Rx.swift in Sources */ = {isa = PBXBuildFile; fileRef = C421336D2205961D006C10C4 /* UIControl+_Rx.swift */; };
		C42133732205974A006C10C4 /* Validate.swift in Sources */ = {isa = PBXBuildFile; fileRef = C42133722205974A006C10C4 /* Validate.swift */; };
		C4213375220599A9006C10C4 /* HCUser.swift in Sources */ = {isa = PBXBuildFile; fileRef = C4213374220599A9006C10C4 /* HCUser.swift */; };
		C421337722059A6D006C10C4 /* HCHelper.swift in Sources */ = {isa = PBXBuildFile; fileRef = C421337622059A6D006C10C4 /* HCHelper.swift */; };
		C421338222059B8C006C10C4 /* UserDefaults+Cache.swift in Sources */ = {isa = PBXBuildFile; fileRef = C421337922059B8B006C10C4 /* UserDefaults+Cache.swift */; };
		C421338322059B8C006C10C4 /* CacheKey.swift in Sources */ = {isa = PBXBuildFile; fileRef = C421337A22059B8B006C10C4 /* CacheKey.swift */; };
		C421338422059B8C006C10C4 /* DBQueue.swift in Sources */ = {isa = PBXBuildFile; fileRef = C421337C22059B8B006C10C4 /* DBQueue.swift */; };
		C421338522059B8C006C10C4 /* DBProtocol.swift in Sources */ = {isa = PBXBuildFile; fileRef = C421337E22059B8B006C10C4 /* DBProtocol.swift */; };
		C421338622059B8C006C10C4 /* DB.swift in Sources */ = {isa = PBXBuildFile; fileRef = C421337F22059B8B006C10C4 /* DB.swift */; };
		C421338722059B8C006C10C4 /* DBCtrl.swift in Sources */ = {isa = PBXBuildFile; fileRef = C421338022059B8B006C10C4 /* DBCtrl.swift */; };
		C421338822059B8C006C10C4 /* DB+Extension.swift in Sources */ = {isa = PBXBuildFile; fileRef = C421338122059B8B006C10C4 /* DB+Extension.swift */; };
		C421338A22059D7A006C10C4 /* HomeViewModel.swift in Sources */ = {isa = PBXBuildFile; fileRef = C421338922059D7A006C10C4 /* HomeViewModel.swift */; };
		C421338C2205A544006C10C4 /* Home.swift in Sources */ = {isa = PBXBuildFile; fileRef = C421338B2205A544006C10C4 /* Home.swift */; };
		C42133932205B1E9006C10C4 /* KeyboardManager.swift in Sources */ = {isa = PBXBuildFile; fileRef = C421338F2205B1E9006C10C4 /* KeyboardManager.swift */; };
		C42133942205B1E9006C10C4 /* CarouselView.swift in Sources */ = {isa = PBXBuildFile; fileRef = C42133912205B1E9006C10C4 /* CarouselView.swift */; };
		C42133952205B1E9006C10C4 /* CarouselDatasource.swift in Sources */ = {isa = PBXBuildFile; fileRef = C42133922205B1E9006C10C4 /* CarouselDatasource.swift */; };
		C421339B2205B224006C10C4 /* DiskImage.swift in Sources */ = {isa = PBXBuildFile; fileRef = C42133972205B224006C10C4 /* DiskImage.swift */; };
		C421339C2205B224006C10C4 /* ImageCacheCenter.swift in Sources */ = {isa = PBXBuildFile; fileRef = C42133982205B224006C10C4 /* ImageCacheCenter.swift */; };
		C421339D2205B224006C10C4 /* ImageRx.swift in Sources */ = {isa = PBXBuildFile; fileRef = C42133992205B224006C10C4 /* ImageRx.swift */; };
		C421339E2205B224006C10C4 /* HttpImage.swift in Sources */ = {isa = PBXBuildFile; fileRef = C421339A2205B224006C10C4 /* HttpImage.swift */; };
		C42133A12205B41C006C10C4 /* BaseFilesOwner.swift in Sources */ = {isa = PBXBuildFile; fileRef = C42133A02205B41C006C10C4 /* BaseFilesOwner.swift */; };
		C42133A52205B4FE006C10C4 /* HomeHeaderView.xib in Resources */ = {isa = PBXBuildFile; fileRef = C42133A42205B4FE006C10C4 /* HomeHeaderView.xib */; };
		C42133A72205B50A006C10C4 /* HomeHeader.swift in Sources */ = {isa = PBXBuildFile; fileRef = C42133A62205B50A006C10C4 /* HomeHeader.swift */; };
		C43F09BB2214315900910437 /* HomeFunctionCell.swift in Sources */ = {isa = PBXBuildFile; fileRef = C43F09B92214315900910437 /* HomeFunctionCell.swift */; };
		C43F09BC2214315900910437 /* HomeFunctionCell.xib in Resources */ = {isa = PBXBuildFile; fileRef = C43F09BA2214315900910437 /* HomeFunctionCell.xib */; };
		C43F09BE22143B5200910437 /* BaseWebViewController.swift in Sources */ = {isa = PBXBuildFile; fileRef = C43F09BD22143B5200910437 /* BaseWebViewController.swift */; };
		C43F09C3221448B000910437 /* HCNotifications.swift in Sources */ = {isa = PBXBuildFile; fileRef = C43F09C2221448B000910437 /* HCNotifications.swift */; };
		C4481E2422154D66007F4B0C /* BaseWKWebViewViewController.swift in Sources */ = {isa = PBXBuildFile; fileRef = C4481E2322154D66007F4B0C /* BaseWKWebViewViewController.swift */; };
		C4C3257B2205B8490091783C /* ScrollTextView.swift in Sources */ = {isa = PBXBuildFile; fileRef = C4C3257A2205B8490091783C /* ScrollTextView.swift */; };
		C4C3257D2205C3AD0091783C /* UIView+XIB.swift in Sources */ = {isa = PBXBuildFile; fileRef = C4C3257C2205C3AC0091783C /* UIView+XIB.swift */; };
/* End PBXBuildFile section */

/* Begin PBXFileReference section */
		9AD9FF392745B099CB0232B2 /* Pods-HuChuangApp.debug.xcconfig */ = {isa = PBXFileReference; includeInIndex = 1; lastKnownFileType = text.xcconfig; name = "Pods-HuChuangApp.debug.xcconfig"; path = "Target Support Files/Pods-HuChuangApp/Pods-HuChuangApp.debug.xcconfig"; sourceTree = "<group>"; };
		B134908D77E06AADC9A7A4A3 /* Pods-HuChuangApp.release.xcconfig */ = {isa = PBXFileReference; includeInIndex = 1; lastKnownFileType = text.xcconfig; name = "Pods-HuChuangApp.release.xcconfig"; path = "Target Support Files/Pods-HuChuangApp/Pods-HuChuangApp.release.xcconfig"; sourceTree = "<group>"; };
		B8BE34EC2214598F00EF16F1 /* MineHeader.swift */ = {isa = PBXFileReference; lastKnownFileType = sourcecode.swift; path = MineHeader.swift; sourceTree = "<group>"; };
		B8BE34EE2214599B00EF16F1 /* MineHeaderView.xib */ = {isa = PBXFileReference; lastKnownFileType = file.xib; path = MineHeaderView.xib; sourceTree = "<group>"; };
		B8BE34F122145DF000EF16F1 /* UserFunctionButton.swift */ = {isa = PBXFileReference; fileEncoding = 4; lastKnownFileType = sourcecode.swift; path = UserFunctionButton.swift; sourceTree = "<group>"; };
		B8BE34F32214645900EF16F1 /* MineViewModel.swift */ = {isa = PBXFileReference; lastKnownFileType = sourcecode.swift; path = MineViewModel.swift; sourceTree = "<group>"; };
		B8BE34F5221465D900EF16F1 /* MineCell.swift */ = {isa = PBXFileReference; lastKnownFileType = sourcecode.swift; path = MineCell.swift; sourceTree = "<group>"; };
		B8BE34F6221465D900EF16F1 /* MineCell.xib */ = {isa = PBXFileReference; lastKnownFileType = file.xib; path = MineCell.xib; sourceTree = "<group>"; };
		B8BE34FA221470B800EF16F1 /* HCEditUserInfoViewController.swift */ = {isa = PBXFileReference; lastKnownFileType = sourcecode.swift; path = HCEditUserInfoViewController.swift; sourceTree = "<group>"; };
		B8BE34FC221470D900EF16F1 /* EditUserInfoViewModel.swift */ = {isa = PBXFileReference; lastKnownFileType = sourcecode.swift; path = EditUserInfoViewModel.swift; sourceTree = "<group>"; };
		B8BE35022214723C00EF16F1 /* EditUserInfoCell.swift */ = {isa = PBXFileReference; lastKnownFileType = sourcecode.swift; path = EditUserInfoCell.swift; sourceTree = "<group>"; };
		B8BE35032214723C00EF16F1 /* EditUserInfoCell.xib */ = {isa = PBXFileReference; lastKnownFileType = file.xib; path = EditUserInfoCell.xib; sourceTree = "<group>"; };
		B8BE35082214738000EF16F1 /* EditUserInfoModel.swift */ = {isa = PBXFileReference; fileEncoding = 4; lastKnownFileType = sourcecode.swift; path = EditUserInfoModel.swift; sourceTree = "<group>"; };
		B8BE350A221478A900EF16F1 /* VCServer.swift */ = {isa = PBXFileReference; fileEncoding = 4; lastKnownFileType = sourcecode.swift; path = VCServer.swift; sourceTree = "<group>"; };
		B8BE350C2214794900EF16F1 /* Bundle+Extension.swift */ = {isa = PBXFileReference; fileEncoding = 4; lastKnownFileType = sourcecode.swift; path = "Bundle+Extension.swift"; sourceTree = "<group>"; };
		B8BE350E2214797200EF16F1 /* FileManager+Extension.swift */ = {isa = PBXFileReference; fileEncoding = 4; lastKnownFileType = sourcecode.swift; path = "FileManager+Extension.swift"; sourceTree = "<group>"; };
		B8BE351022147AE600EF16F1 /* HCEditUserIconViewController.swift */ = {isa = PBXFileReference; lastKnownFileType = sourcecode.swift; path = HCEditUserIconViewController.swift; sourceTree = "<group>"; };
		B8BE351222147AF500EF16F1 /* HCEditNickNameViewController.swift */ = {isa = PBXFileReference; lastKnownFileType = sourcecode.swift; path = HCEditNickNameViewController.swift; sourceTree = "<group>"; };
		B8BE351422147AFF00EF16F1 /* HCEditSexViewController.swift */ = {isa = PBXFileReference; lastKnownFileType = sourcecode.swift; path = HCEditSexViewController.swift; sourceTree = "<group>"; };
		B8BE351622147B1E00EF16F1 /* HCEditBirthdayViewController.swift */ = {isa = PBXFileReference; lastKnownFileType = sourcecode.swift; path = HCEditBirthdayViewController.swift; sourceTree = "<group>"; };
		B8BE351822147B4000EF16F1 /* HCEditSynopsisViewController.swift */ = {isa = PBXFileReference; lastKnownFileType = sourcecode.swift; path = HCEditSynopsisViewController.swift; sourceTree = "<group>"; };
		B8BE351A22147DE500EF16F1 /* EditViewModel.swift */ = {isa = PBXFileReference; lastKnownFileType = sourcecode.swift; path = EditViewModel.swift; sourceTree = "<group>"; };
		B8BE351C221484C600EF16F1 /* UINavigationController+BarButtonItem.swift */ = {isa = PBXFileReference; fileEncoding = 4; lastKnownFileType = sourcecode.swift; path = "UINavigationController+BarButtonItem.swift"; sourceTree = "<group>"; };
		C42132EB22054462006C10C4 /* HuChuangApp.app */ = {isa = PBXFileReference; explicitFileType = wrapper.application; includeInIndex = 0; path = HuChuangApp.app; sourceTree = BUILT_PRODUCTS_DIR; };
		C42132F522054463006C10C4 /* Assets.xcassets */ = {isa = PBXFileReference; lastKnownFileType = folder.assetcatalog; path = Assets.xcassets; sourceTree = "<group>"; };
		C42132F822054463006C10C4 /* Base */ = {isa = PBXFileReference; lastKnownFileType = file.storyboard; name = Base; path = Base.lproj/LaunchScreen.storyboard; sourceTree = "<group>"; };
		C42132FA22054463006C10C4 /* Info.plist */ = {isa = PBXFileReference; lastKnownFileType = text.plist.xml; path = Info.plist; sourceTree = "<group>"; };
		C421330A22056B59006C10C4 /* HCAppDelegate.swift */ = {isa = PBXFileReference; fileEncoding = 4; lastKnownFileType = sourcecode.swift; path = HCAppDelegate.swift; sourceTree = "<group>"; };
		C421331122056BD1006C10C4 /* BaseNavigationController.swift */ = {isa = PBXFileReference; lastKnownFileType = sourcecode.swift; path = BaseNavigationController.swift; sourceTree = "<group>"; };
		C421331322056C37006C10C4 /* Debug.swift */ = {isa = PBXFileReference; fileEncoding = 4; lastKnownFileType = sourcecode.swift; path = Debug.swift; sourceTree = "<group>"; };
		C421331522056C74006C10C4 /* HCAppConfig.swift */ = {isa = PBXFileReference; lastKnownFileType = sourcecode.swift; path = HCAppConfig.swift; sourceTree = "<group>"; };
		C421331722056D5E006C10C4 /* MainNavigationController.swift */ = {isa = PBXFileReference; lastKnownFileType = sourcecode.swift; path = MainNavigationController.swift; sourceTree = "<group>"; };
		C421331922056E55006C10C4 /* BaseViewController.swift */ = {isa = PBXFileReference; fileEncoding = 4; lastKnownFileType = sourcecode.swift; path = BaseViewController.swift; sourceTree = "<group>"; };
		C421331B22056E83006C10C4 /* ViewControllerServer.swift */ = {isa = PBXFileReference; fileEncoding = 4; lastKnownFileType = sourcecode.swift; path = ViewControllerServer.swift; sourceTree = "<group>"; };
		C421331E22056F24006C10C4 /* FrameView.swift */ = {isa = PBXFileReference; fileEncoding = 4; lastKnownFileType = sourcecode.swift; path = FrameView.swift; sourceTree = "<group>"; };
		C421331F22056F24006C10C4 /* HUDIndicatorView.swift */ = {isa = PBXFileReference; fileEncoding = 4; lastKnownFileType = sourcecode.swift; path = HUDIndicatorView.swift; sourceTree = "<group>"; };
		C421332022056F24006C10C4 /* TYHUDAnimating.swift */ = {isa = PBXFileReference; fileEncoding = 4; lastKnownFileType = sourcecode.swift; path = TYHUDAnimating.swift; sourceTree = "<group>"; };
		C421332122056F24006C10C4 /* TYIndicatorBaseView.swift */ = {isa = PBXFileReference; fileEncoding = 4; lastKnownFileType = sourcecode.swift; path = TYIndicatorBaseView.swift; sourceTree = "<group>"; };
		C421332222056F24006C10C4 /* BackgroundView.swift */ = {isa = PBXFileReference; fileEncoding = 4; lastKnownFileType = sourcecode.swift; path = BackgroundView.swift; sourceTree = "<group>"; };
		C421332322056F24006C10C4 /* HUD.swift */ = {isa = PBXFileReference; fileEncoding = 4; lastKnownFileType = sourcecode.swift; path = HUD.swift; sourceTree = "<group>"; };
		C421332422056F24006C10C4 /* TYHUD.swift */ = {isa = PBXFileReference; fileEncoding = 4; lastKnownFileType = sourcecode.swift; path = TYHUD.swift; sourceTree = "<group>"; };
		C421332522056F24006C10C4 /* HUDUtil.swift */ = {isa = PBXFileReference; fileEncoding = 4; lastKnownFileType = sourcecode.swift; path = HUDUtil.swift; sourceTree = "<group>"; };
		C421332E22056F4C006C10C4 /* NoticesCenter.swift */ = {isa = PBXFileReference; fileEncoding = 4; lastKnownFileType = sourcecode.swift; path = NoticesCenter.swift; sourceTree = "<group>"; };
		C421333122056F96006C10C4 /* UIKit+Extension.swift */ = {isa = PBXFileReference; fileEncoding = 4; lastKnownFileType = sourcecode.swift; path = "UIKit+Extension.swift"; sourceTree = "<group>"; };
		C421333322056FB8006C10C4 /* UIDevice+Extension.swift */ = {isa = PBXFileReference; fileEncoding = 4; lastKnownFileType = sourcecode.swift; path = "UIDevice+Extension.swift"; sourceTree = "<group>"; };
		C4213335220570B6006C10C4 /* UIView+Frame.swift */ = {isa = PBXFileReference; lastKnownFileType = sourcecode.swift; path = "UIView+Frame.swift"; sourceTree = "<group>"; };
		C4213337220572C6006C10C4 /* HCMain.storyboard */ = {isa = PBXFileReference; lastKnownFileType = file.storyboard; path = HCMain.storyboard; sourceTree = "<group>"; };
		C4213339220572F2006C10C4 /* HCTabBarViewController.swift */ = {isa = PBXFileReference; lastKnownFileType = sourcecode.swift; path = HCTabBarViewController.swift; sourceTree = "<group>"; };
		C421333C220586BD006C10C4 /* HCHomeViewController.swift */ = {isa = PBXFileReference; lastKnownFileType = sourcecode.swift; path = HCHomeViewController.swift; sourceTree = "<group>"; };
		C421333E220586D4006C10C4 /* HCConsultViewController.swift */ = {isa = PBXFileReference; lastKnownFileType = sourcecode.swift; path = HCConsultViewController.swift; sourceTree = "<group>"; };
		C4213340220586DE006C10C4 /* HCCircleViewController.swift */ = {isa = PBXFileReference; lastKnownFileType = sourcecode.swift; path = HCCircleViewController.swift; sourceTree = "<group>"; };
		C4213342220586E6006C10C4 /* HCMineViewController.swift */ = {isa = PBXFileReference; lastKnownFileType = sourcecode.swift; path = HCMineViewController.swift; sourceTree = "<group>"; };
		C4213348220587DC006C10C4 /* Response+ModelMapper.swift */ = {isa = PBXFileReference; fileEncoding = 4; lastKnownFileType = sourcecode.swift; path = "Response+ModelMapper.swift"; sourceTree = "<group>"; };
		C4213349220587DC006C10C4 /* HandyJSON+MapModel.swift */ = {isa = PBXFileReference; fileEncoding = 4; lastKnownFileType = sourcecode.swift; path = "HandyJSON+MapModel.swift"; sourceTree = "<group>"; };
		C421334A220587DC006C10C4 /* Single+ModelMapper.swift */ = {isa = PBXFileReference; fileEncoding = 4; lastKnownFileType = sourcecode.swift; path = "Single+ModelMapper.swift"; sourceTree = "<group>"; };
		C421334E220587F6006C10C4 /* CRAPI.swift */ = {isa = PBXFileReference; fileEncoding = 4; lastKnownFileType = sourcecode.swift; path = CRAPI.swift; sourceTree = "<group>"; };
		C421334F220587F6006C10C4 /* APIAdapt.swift */ = {isa = PBXFileReference; fileEncoding = 4; lastKnownFileType = sourcecode.swift; path = APIAdapt.swift; sourceTree = "<group>"; };
		C4213350220587F6006C10C4 /* APIServer.swift */ = {isa = PBXFileReference; fileEncoding = 4; lastKnownFileType = sourcecode.swift; path = APIServer.swift; sourceTree = "<group>"; };
		C42133552205883D006C10C4 /* BaseViewModel.swift */ = {isa = PBXFileReference; fileEncoding = 4; lastKnownFileType = sourcecode.swift; path = BaseViewModel.swift; sourceTree = "<group>"; };
		C42133562205883D006C10C4 /* PageModel.swift */ = {isa = PBXFileReference; fileEncoding = 4; lastKnownFileType = sourcecode.swift; path = PageModel.swift; sourceTree = "<group>"; };
		C42133572205883D006C10C4 /* RefreshServer.swift */ = {isa = PBXFileReference; fileEncoding = 4; lastKnownFileType = sourcecode.swift; path = RefreshServer.swift; sourceTree = "<group>"; };
		C421335C220588B7006C10C4 /* BaseModel.swift */ = {isa = PBXFileReference; lastKnownFileType = sourcecode.swift; path = BaseModel.swift; sourceTree = "<group>"; };
		C421335E220588FD006C10C4 /* HandyModel.swift */ = {isa = PBXFileReference; lastKnownFileType = sourcecode.swift; path = HandyModel.swift; sourceTree = "<group>"; };
		C421336022058E50006C10C4 /* HCLogin.storyboard */ = {isa = PBXFileReference; lastKnownFileType = file.storyboard; path = HCLogin.storyboard; sourceTree = "<group>"; };
		C421336522058F97006C10C4 /* HCLoginViewController.swift */ = {isa = PBXFileReference; lastKnownFileType = sourcecode.swift; path = HCLoginViewController.swift; sourceTree = "<group>"; };
		C42133672205902A006C10C4 /* AccountViewModel.swift */ = {isa = PBXFileReference; lastKnownFileType = sourcecode.swift; path = AccountViewModel.swift; sourceTree = "<group>"; };
		C421336A2205961D006C10C4 /* UIView+_Rx.swift */ = {isa = PBXFileReference; fileEncoding = 4; lastKnownFileType = sourcecode.swift; path = "UIView+_Rx.swift"; sourceTree = "<group>"; };
		C421336B2205961D006C10C4 /* ObservableType+Extension.swift */ = {isa = PBXFileReference; fileEncoding = 4; lastKnownFileType = sourcecode.swift; path = "ObservableType+Extension.swift"; sourceTree = "<group>"; };
		C421336C2205961D006C10C4 /* SharedSequenceConvertibleType+Extension.swift */ = {isa = PBXFileReference; fileEncoding = 4; lastKnownFileType = sourcecode.swift; path = "SharedSequenceConvertibleType+Extension.swift"; sourceTree = "<group>"; };
		C421336D2205961D006C10C4 /* UIControl+_Rx.swift */ = {isa = PBXFileReference; fileEncoding = 4; lastKnownFileType = sourcecode.swift; path = "UIControl+_Rx.swift"; sourceTree = "<group>"; };
		C42133722205974A006C10C4 /* Validate.swift */ = {isa = PBXFileReference; fileEncoding = 4; lastKnownFileType = sourcecode.swift; path = Validate.swift; sourceTree = "<group>"; };
		C4213374220599A9006C10C4 /* HCUser.swift */ = {isa = PBXFileReference; lastKnownFileType = sourcecode.swift; path = HCUser.swift; sourceTree = "<group>"; };
		C421337622059A6D006C10C4 /* HCHelper.swift */ = {isa = PBXFileReference; lastKnownFileType = sourcecode.swift; path = HCHelper.swift; sourceTree = "<group>"; };
		C421337922059B8B006C10C4 /* UserDefaults+Cache.swift */ = {isa = PBXFileReference; fileEncoding = 4; lastKnownFileType = sourcecode.swift; path = "UserDefaults+Cache.swift"; sourceTree = "<group>"; };
		C421337A22059B8B006C10C4 /* CacheKey.swift */ = {isa = PBXFileReference; fileEncoding = 4; lastKnownFileType = sourcecode.swift; path = CacheKey.swift; sourceTree = "<group>"; };
		C421337C22059B8B006C10C4 /* DBQueue.swift */ = {isa = PBXFileReference; fileEncoding = 4; lastKnownFileType = sourcecode.swift; path = DBQueue.swift; sourceTree = "<group>"; };
		C421337E22059B8B006C10C4 /* DBProtocol.swift */ = {isa = PBXFileReference; fileEncoding = 4; lastKnownFileType = sourcecode.swift; path = DBProtocol.swift; sourceTree = "<group>"; };
		C421337F22059B8B006C10C4 /* DB.swift */ = {isa = PBXFileReference; fileEncoding = 4; lastKnownFileType = sourcecode.swift; path = DB.swift; sourceTree = "<group>"; };
		C421338022059B8B006C10C4 /* DBCtrl.swift */ = {isa = PBXFileReference; fileEncoding = 4; lastKnownFileType = sourcecode.swift; path = DBCtrl.swift; sourceTree = "<group>"; };
		C421338122059B8B006C10C4 /* DB+Extension.swift */ = {isa = PBXFileReference; fileEncoding = 4; lastKnownFileType = sourcecode.swift; path = "DB+Extension.swift"; sourceTree = "<group>"; };
		C421338922059D7A006C10C4 /* HomeViewModel.swift */ = {isa = PBXFileReference; lastKnownFileType = sourcecode.swift; path = HomeViewModel.swift; sourceTree = "<group>"; };
		C421338B2205A544006C10C4 /* Home.swift */ = {isa = PBXFileReference; lastKnownFileType = sourcecode.swift; path = Home.swift; sourceTree = "<group>"; };
		C421338F2205B1E9006C10C4 /* KeyboardManager.swift */ = {isa = PBXFileReference; fileEncoding = 4; lastKnownFileType = sourcecode.swift; path = KeyboardManager.swift; sourceTree = "<group>"; };
		C42133912205B1E9006C10C4 /* CarouselView.swift */ = {isa = PBXFileReference; fileEncoding = 4; lastKnownFileType = sourcecode.swift; path = CarouselView.swift; sourceTree = "<group>"; };
		C42133922205B1E9006C10C4 /* CarouselDatasource.swift */ = {isa = PBXFileReference; fileEncoding = 4; lastKnownFileType = sourcecode.swift; path = CarouselDatasource.swift; sourceTree = "<group>"; };
		C42133972205B224006C10C4 /* DiskImage.swift */ = {isa = PBXFileReference; fileEncoding = 4; lastKnownFileType = sourcecode.swift; path = DiskImage.swift; sourceTree = "<group>"; };
		C42133982205B224006C10C4 /* ImageCacheCenter.swift */ = {isa = PBXFileReference; fileEncoding = 4; lastKnownFileType = sourcecode.swift; path = ImageCacheCenter.swift; sourceTree = "<group>"; };
		C42133992205B224006C10C4 /* ImageRx.swift */ = {isa = PBXFileReference; fileEncoding = 4; lastKnownFileType = sourcecode.swift; path = ImageRx.swift; sourceTree = "<group>"; };
		C421339A2205B224006C10C4 /* HttpImage.swift */ = {isa = PBXFileReference; fileEncoding = 4; lastKnownFileType = sourcecode.swift; path = HttpImage.swift; sourceTree = "<group>"; };
		C421339F2205B366006C10C4 /* HcChuangApp-Bridge-Header.h */ = {isa = PBXFileReference; lastKnownFileType = sourcecode.c.h; path = "HcChuangApp-Bridge-Header.h"; sourceTree = "<group>"; };
		C42133A02205B41C006C10C4 /* BaseFilesOwner.swift */ = {isa = PBXFileReference; lastKnownFileType = sourcecode.swift; path = BaseFilesOwner.swift; sourceTree = "<group>"; };
		C42133A42205B4FE006C10C4 /* HomeHeaderView.xib */ = {isa = PBXFileReference; lastKnownFileType = file.xib; path = HomeHeaderView.xib; sourceTree = "<group>"; };
		C42133A62205B50A006C10C4 /* HomeHeader.swift */ = {isa = PBXFileReference; lastKnownFileType = sourcecode.swift; path = HomeHeader.swift; sourceTree = "<group>"; };
		C43F09B92214315900910437 /* HomeFunctionCell.swift */ = {isa = PBXFileReference; lastKnownFileType = sourcecode.swift; path = HomeFunctionCell.swift; sourceTree = "<group>"; };
		C43F09BA2214315900910437 /* HomeFunctionCell.xib */ = {isa = PBXFileReference; lastKnownFileType = file.xib; path = HomeFunctionCell.xib; sourceTree = "<group>"; };
		C43F09BD22143B5200910437 /* BaseWebViewController.swift */ = {isa = PBXFileReference; lastKnownFileType = sourcecode.swift; path = BaseWebViewController.swift; sourceTree = "<group>"; };
		C43F09C2221448B000910437 /* HCNotifications.swift */ = {isa = PBXFileReference; lastKnownFileType = sourcecode.swift; path = HCNotifications.swift; sourceTree = "<group>"; };
		C4481E2322154D66007F4B0C /* BaseWKWebViewViewController.swift */ = {isa = PBXFileReference; lastKnownFileType = sourcecode.swift; path = BaseWKWebViewViewController.swift; sourceTree = "<group>"; };
		C4C3257A2205B8490091783C /* ScrollTextView.swift */ = {isa = PBXFileReference; lastKnownFileType = sourcecode.swift; path = ScrollTextView.swift; sourceTree = "<group>"; };
		C4C3257C2205C3AC0091783C /* UIView+XIB.swift */ = {isa = PBXFileReference; fileEncoding = 4; lastKnownFileType = sourcecode.swift; path = "UIView+XIB.swift"; sourceTree = "<group>"; };
		DA49B288AA9976792B904C2F /* Pods_HuChuangApp.framework */ = {isa = PBXFileReference; explicitFileType = wrapper.framework; includeInIndex = 0; path = Pods_HuChuangApp.framework; sourceTree = BUILT_PRODUCTS_DIR; };
/* End PBXFileReference section */

/* Begin PBXFrameworksBuildPhase section */
		C42132E822054462006C10C4 /* Frameworks */ = {
			isa = PBXFrameworksBuildPhase;
			buildActionMask = 2147483647;
			files = (
				5D46458DB41B31260940E2DE /* Pods_HuChuangApp.framework in Frameworks */,
			);
			runOnlyForDeploymentPostprocessing = 0;
		};
/* End PBXFrameworksBuildPhase section */

/* Begin PBXGroup section */
		0F5E7281C3B704E9E0295208 /* Pods */ = {
			isa = PBXGroup;
			children = (
				9AD9FF392745B099CB0232B2 /* Pods-HuChuangApp.debug.xcconfig */,
				B134908D77E06AADC9A7A4A3 /* Pods-HuChuangApp.release.xcconfig */,
			);
			path = Pods;
			sourceTree = "<group>";
		};
		1A725708116D01A04185F019 /* Frameworks */ = {
			isa = PBXGroup;
			children = (
				DA49B288AA9976792B904C2F /* Pods_HuChuangApp.framework */,
			);
			name = Frameworks;
			sourceTree = "<group>";
		};
		B8BE34EB2214597800EF16F1 /* Mine */ = {
			isa = PBXGroup;
			children = (
				B8BE34EC2214598F00EF16F1 /* MineHeader.swift */,
				B8BE34EE2214599B00EF16F1 /* MineHeaderView.xib */,
			);
			path = Mine;
			sourceTree = "<group>";
		};
		B8BE34F022145DF000EF16F1 /* Custom */ = {
			isa = PBXGroup;
			children = (
				B8BE34F122145DF000EF16F1 /* UserFunctionButton.swift */,
			);
			path = Custom;
			sourceTree = "<group>";
		};
		B8BE34F92214704300EF16F1 /* Mine */ = {
			isa = PBXGroup;
			children = (
				B8BE34FA221470B800EF16F1 /* HCEditUserInfoViewController.swift */,
				B8BE351022147AE600EF16F1 /* HCEditUserIconViewController.swift */,
				B8BE351222147AF500EF16F1 /* HCEditNickNameViewController.swift */,
				B8BE351422147AFF00EF16F1 /* HCEditSexViewController.swift */,
				B8BE351622147B1E00EF16F1 /* HCEditBirthdayViewController.swift */,
				B8BE351822147B4000EF16F1 /* HCEditSynopsisViewController.swift */,
			);
			path = Mine;
			sourceTree = "<group>";
		};
		C42132E222054462006C10C4 = {
			isa = PBXGroup;
			children = (
				C42132ED22054462006C10C4 /* HuChuangApp */,
				C42132EC22054462006C10C4 /* Products */,
				0F5E7281C3B704E9E0295208 /* Pods */,
				1A725708116D01A04185F019 /* Frameworks */,
			);
			sourceTree = "<group>";
		};
		C42132EC22054462006C10C4 /* Products */ = {
			isa = PBXGroup;
			children = (
				C42132EB22054462006C10C4 /* HuChuangApp.app */,
			);
			name = Products;
			sourceTree = "<group>";
		};
		C42132ED22054462006C10C4 /* HuChuangApp */ = {
			isa = PBXGroup;
			children = (
				C421330722056B59006C10C4 /* Main */,
				C421330422056B19006C10C4 /* Core */,
				C421330522056B19006C10C4 /* HCHelper */,
				C421330322056B19006C10C4 /* Server */,
				C421330222056B19006C10C4 /* UI */,
				C421330622056B19006C10C4 /* Utils */,
				C42132F522054463006C10C4 /* Assets.xcassets */,
				C42132F722054463006C10C4 /* LaunchScreen.storyboard */,
				C42132FA22054463006C10C4 /* Info.plist */,
			);
			path = HuChuangApp;
			sourceTree = "<group>";
		};
		C421330222056B19006C10C4 /* UI */ = {
			isa = PBXGroup;
			children = (
				C43F09B722142DEA00910437 /* Cell */,
				C421330C22056B84006C10C4 /* Controller */,
				C421330D22056B84006C10C4 /* Interface */,
				C421330E22056B84006C10C4 /* View */,
			);
			path = UI;
			sourceTree = "<group>";
		};
		C421330322056B19006C10C4 /* Server */ = {
			isa = PBXGroup;
			children = (
				C42133452205878E006C10C4 /* API */,
				C42133462205878E006C10C4 /* Model */,
				C42133442205878E006C10C4 /* ViewModel */,
			);
			path = Server;
			sourceTree = "<group>";
		};
		C421330422056B19006C10C4 /* Core */ = {
			isa = PBXGroup;
			children = (
				C421337822059B8B006C10C4 /* KeyValueCache */,
				C421337B22059B8B006C10C4 /* PersistentCache */,
			);
			path = Core;
			sourceTree = "<group>";
		};
		C421330522056B19006C10C4 /* HCHelper */ = {
			isa = PBXGroup;
			children = (
				C421332E22056F4C006C10C4 /* NoticesCenter.swift */,
				C421337622059A6D006C10C4 /* HCHelper.swift */,
				C43F09C2221448B000910437 /* HCNotifications.swift */,
			);
			path = HCHelper;
			sourceTree = "<group>";
		};
		C421330622056B19006C10C4 /* Utils */ = {
			isa = PBXGroup;
			children = (
				C421331322056C37006C10C4 /* Debug.swift */,
				C42133722205974A006C10C4 /* Validate.swift */,
				C42133962205B224006C10C4 /* ImageUtls */,
				C42133902205B1E9006C10C4 /* Carousel */,
				C421338E2205B1E9006C10C4 /* KeyboardManager */,
				C42133692205961D006C10C4 /* Rx */,
				C4213347220587A8006C10C4 /* ModelMap */,
				C421333022056F96006C10C4 /* Extension */,
				C421331D22056F24006C10C4 /* TYHUD */,
			);
			path = Utils;
			sourceTree = "<group>";
		};
		C421330722056B59006C10C4 /* Main */ = {
			isa = PBXGroup;
			children = (
				C421330822056B59006C10C4 /* Config */,
				C421330922056B59006C10C4 /* AppDelegate */,
				C4213339220572F2006C10C4 /* HCTabBarViewController.swift */,
			);
			path = Main;
			sourceTree = "<group>";
		};
		C421330822056B59006C10C4 /* Config */ = {
			isa = PBXGroup;
			children = (
				C421331522056C74006C10C4 /* HCAppConfig.swift */,
				C421339F2205B366006C10C4 /* HcChuangApp-Bridge-Header.h */,
			);
			path = Config;
			sourceTree = "<group>";
		};
		C421330922056B59006C10C4 /* AppDelegate */ = {
			isa = PBXGroup;
			children = (
				C421330A22056B59006C10C4 /* HCAppDelegate.swift */,
			);
			path = AppDelegate;
			sourceTree = "<group>";
		};
		C421330C22056B84006C10C4 /* Controller */ = {
			isa = PBXGroup;
			children = (
				B8BE34F92214704300EF16F1 /* Mine */,
				C43F09BF22143F0600910437 /* Home */,
				C421336422058F8C006C10C4 /* Login */,
				C421333B220586B0006C10C4 /* Main */,
				C421330F22056BAE006C10C4 /* Base */,
			);
			path = Controller;
			sourceTree = "<group>";
		};
		C421330D22056B84006C10C4 /* Interface */ = {
			isa = PBXGroup;
			children = (
				C4213337220572C6006C10C4 /* HCMain.storyboard */,
				C421336022058E50006C10C4 /* HCLogin.storyboard */,
			);
			path = Interface;
			sourceTree = "<group>";
		};
		C421330E22056B84006C10C4 /* View */ = {
			isa = PBXGroup;
			children = (
				B8BE34F022145DF000EF16F1 /* Custom */,
				B8BE34EB2214597800EF16F1 /* Mine */,
				C421338D2205B155006C10C4 /* Home */,
				C421331022056BB4006C10C4 /* Base */,
			);
			path = View;
			sourceTree = "<group>";
		};
		C421330F22056BAE006C10C4 /* Base */ = {
			isa = PBXGroup;
			children = (
				C421331B22056E83006C10C4 /* ViewControllerServer.swift */,
				C421331922056E55006C10C4 /* BaseViewController.swift */,
				C421331122056BD1006C10C4 /* BaseNavigationController.swift */,
				C421331722056D5E006C10C4 /* MainNavigationController.swift */,
				C43F09BD22143B5200910437 /* BaseWebViewController.swift */,
				C4481E2322154D66007F4B0C /* BaseWKWebViewViewController.swift */,
			);
			path = Base;
			sourceTree = "<group>";
		};
		C421331022056BB4006C10C4 /* Base */ = {
			isa = PBXGroup;
			children = (
				C42133A02205B41C006C10C4 /* BaseFilesOwner.swift */,
			);
			path = Base;
			sourceTree = "<group>";
		};
		C421331D22056F24006C10C4 /* TYHUD */ = {
			isa = PBXGroup;
			children = (
				C421331E22056F24006C10C4 /* FrameView.swift */,
				C421331F22056F24006C10C4 /* HUDIndicatorView.swift */,
				C421332022056F24006C10C4 /* TYHUDAnimating.swift */,
				C421332122056F24006C10C4 /* TYIndicatorBaseView.swift */,
				C421332222056F24006C10C4 /* BackgroundView.swift */,
				C421332322056F24006C10C4 /* HUD.swift */,
				C421332422056F24006C10C4 /* TYHUD.swift */,
				C421332522056F24006C10C4 /* HUDUtil.swift */,
			);
			path = TYHUD;
			sourceTree = "<group>";
		};
		C421333022056F96006C10C4 /* Extension */ = {
			isa = PBXGroup;
			children = (
				B8BE351C221484C600EF16F1 /* UINavigationController+BarButtonItem.swift */,
				B8BE350E2214797200EF16F1 /* FileManager+Extension.swift */,
				B8BE350C2214794900EF16F1 /* Bundle+Extension.swift */,
				C4C3257C2205C3AC0091783C /* UIView+XIB.swift */,
				C421333322056FB8006C10C4 /* UIDevice+Extension.swift */,
				C421333122056F96006C10C4 /* UIKit+Extension.swift */,
				C4213335220570B6006C10C4 /* UIView+Frame.swift */,
			);
			path = Extension;
			sourceTree = "<group>";
		};
		C421333B220586B0006C10C4 /* Main */ = {
			isa = PBXGroup;
			children = (
				C421333C220586BD006C10C4 /* HCHomeViewController.swift */,
				C421333E220586D4006C10C4 /* HCConsultViewController.swift */,
				C4213340220586DE006C10C4 /* HCCircleViewController.swift */,
				C4213342220586E6006C10C4 /* HCMineViewController.swift */,
			);
			path = Main;
			sourceTree = "<group>";
		};
		C42133442205878E006C10C4 /* ViewModel */ = {
			isa = PBXGroup;
			children = (
				C42133542205883D006C10C4 /* Base */,
				C42133672205902A006C10C4 /* AccountViewModel.swift */,
				C421338922059D7A006C10C4 /* HomeViewModel.swift */,
				B8BE34F32214645900EF16F1 /* MineViewModel.swift */,
				B8BE34FC221470D900EF16F1 /* EditUserInfoViewModel.swift */,
				B8BE351A22147DE500EF16F1 /* EditViewModel.swift */,
			);
			path = ViewModel;
			sourceTree = "<group>";
		};
		C42133452205878E006C10C4 /* API */ = {
			isa = PBXGroup;
			children = (
				C421334F220587F6006C10C4 /* APIAdapt.swift */,
				C4213350220587F6006C10C4 /* APIServer.swift */,
				C421334E220587F6006C10C4 /* CRAPI.swift */,
			);
			path = API;
			sourceTree = "<group>";
		};
		C42133462205878E006C10C4 /* Model */ = {
			isa = PBXGroup;
			children = (
				C421335B220588AC006C10C4 /* Base */,
				C4213374220599A9006C10C4 /* HCUser.swift */,
				C421338B2205A544006C10C4 /* Home.swift */,
				B8BE35082214738000EF16F1 /* EditUserInfoModel.swift */,
			);
			path = Model;
			sourceTree = "<group>";
		};
		C4213347220587A8006C10C4 /* ModelMap */ = {
			isa = PBXGroup;
			children = (
				C4213349220587DC006C10C4 /* HandyJSON+MapModel.swift */,
				C4213348220587DC006C10C4 /* Response+ModelMapper.swift */,
				C421334A220587DC006C10C4 /* Single+ModelMapper.swift */,
			);
			path = ModelMap;
			sourceTree = "<group>";
		};
		C42133542205883D006C10C4 /* Base */ = {
			isa = PBXGroup;
			children = (
				B8BE350A221478A900EF16F1 /* VCServer.swift */,
				C42133552205883D006C10C4 /* BaseViewModel.swift */,
				C42133562205883D006C10C4 /* PageModel.swift */,
				C42133572205883D006C10C4 /* RefreshServer.swift */,
			);
			path = Base;
			sourceTree = "<group>";
		};
		C421335B220588AC006C10C4 /* Base */ = {
			isa = PBXGroup;
			children = (
				C421335C220588B7006C10C4 /* BaseModel.swift */,
				C421335E220588FD006C10C4 /* HandyModel.swift */,
			);
			path = Base;
			sourceTree = "<group>";
		};
		C421336422058F8C006C10C4 /* Login */ = {
			isa = PBXGroup;
			children = (
				C421336522058F97006C10C4 /* HCLoginViewController.swift */,
			);
			path = Login;
			sourceTree = "<group>";
		};
		C42133692205961D006C10C4 /* Rx */ = {
			isa = PBXGroup;
			children = (
				C421336A2205961D006C10C4 /* UIView+_Rx.swift */,
				C421336B2205961D006C10C4 /* ObservableType+Extension.swift */,
				C421336C2205961D006C10C4 /* SharedSequenceConvertibleType+Extension.swift */,
				C421336D2205961D006C10C4 /* UIControl+_Rx.swift */,
			);
			path = Rx;
			sourceTree = "<group>";
		};
		C421337822059B8B006C10C4 /* KeyValueCache */ = {
			isa = PBXGroup;
			children = (
				C421337922059B8B006C10C4 /* UserDefaults+Cache.swift */,
				C421337A22059B8B006C10C4 /* CacheKey.swift */,
			);
			path = KeyValueCache;
			sourceTree = "<group>";
		};
		C421337B22059B8B006C10C4 /* PersistentCache */ = {
			isa = PBXGroup;
			children = (
				C421337C22059B8B006C10C4 /* DBQueue.swift */,
				C421337D22059B8B006C10C4 /* Base */,
			);
			path = PersistentCache;
			sourceTree = "<group>";
		};
		C421337D22059B8B006C10C4 /* Base */ = {
			isa = PBXGroup;
			children = (
				C421337E22059B8B006C10C4 /* DBProtocol.swift */,
				C421337F22059B8B006C10C4 /* DB.swift */,
				C421338022059B8B006C10C4 /* DBCtrl.swift */,
				C421338122059B8B006C10C4 /* DB+Extension.swift */,
			);
			path = Base;
			sourceTree = "<group>";
		};
		C421338D2205B155006C10C4 /* Home */ = {
			isa = PBXGroup;
			children = (
				C42133A42205B4FE006C10C4 /* HomeHeaderView.xib */,
				C42133A62205B50A006C10C4 /* HomeHeader.swift */,
				C4C3257A2205B8490091783C /* ScrollTextView.swift */,
			);
			path = Home;
			sourceTree = "<group>";
		};
		C421338E2205B1E9006C10C4 /* KeyboardManager */ = {
			isa = PBXGroup;
			children = (
				C421338F2205B1E9006C10C4 /* KeyboardManager.swift */,
			);
			path = KeyboardManager;
			sourceTree = "<group>";
		};
		C42133902205B1E9006C10C4 /* Carousel */ = {
			isa = PBXGroup;
			children = (
				C42133912205B1E9006C10C4 /* CarouselView.swift */,
				C42133922205B1E9006C10C4 /* CarouselDatasource.swift */,
			);
			path = Carousel;
			sourceTree = "<group>";
		};
		C42133962205B224006C10C4 /* ImageUtls */ = {
			isa = PBXGroup;
			children = (
				C42133972205B224006C10C4 /* DiskImage.swift */,
				C42133982205B224006C10C4 /* ImageCacheCenter.swift */,
				C42133992205B224006C10C4 /* ImageRx.swift */,
				C421339A2205B224006C10C4 /* HttpImage.swift */,
			);
			path = ImageUtls;
			sourceTree = "<group>";
		};
		C43F09B722142DEA00910437 /* Cell */ = {
			isa = PBXGroup;
			children = (
				C43F09B822142DEA00910437 /* Base */,
				C43F09B92214315900910437 /* HomeFunctionCell.swift */,
				C43F09BA2214315900910437 /* HomeFunctionCell.xib */,
				B8BE34F5221465D900EF16F1 /* MineCell.swift */,
				B8BE34F6221465D900EF16F1 /* MineCell.xib */,
				B8BE35022214723C00EF16F1 /* EditUserInfoCell.swift */,
				B8BE35032214723C00EF16F1 /* EditUserInfoCell.xib */,
			);
			path = Cell;
			sourceTree = "<group>";
		};
		C43F09B822142DEA00910437 /* Base */ = {
			isa = PBXGroup;
			children = (
			);
			path = Base;
			sourceTree = "<group>";
		};
		C43F09BF22143F0600910437 /* Home */ = {
			isa = PBXGroup;
			children = (
			);
			path = Home;
			sourceTree = "<group>";
		};
/* End PBXGroup section */

/* Begin PBXNativeTarget section */
		C42132EA22054462006C10C4 /* HuChuangApp */ = {
			isa = PBXNativeTarget;
			buildConfigurationList = C42132FD22054463006C10C4 /* Build configuration list for PBXNativeTarget "HuChuangApp" */;
			buildPhases = (
				8A26A310A974D8EE809B8ADB /* [CP] Check Pods Manifest.lock */,
				C42132E722054462006C10C4 /* Sources */,
				C42132E822054462006C10C4 /* Frameworks */,
				C42132E922054462006C10C4 /* Resources */,
				9FF3B870F6316C05A9A0E76A /* [CP] Embed Pods Frameworks */,
			);
			buildRules = (
			);
			dependencies = (
			);
			name = HuChuangApp;
			productName = HuChuangApp;
			productReference = C42132EB22054462006C10C4 /* HuChuangApp.app */;
			productType = "com.apple.product-type.application";
		};
/* End PBXNativeTarget section */

/* Begin PBXProject section */
		C42132E322054462006C10C4 /* Project object */ = {
			isa = PBXProject;
			attributes = {
				LastSwiftUpdateCheck = 1010;
				LastUpgradeCheck = 1010;
				ORGANIZATIONNAME = sw;
				TargetAttributes = {
					C42132EA22054462006C10C4 = {
						CreatedOnToolsVersion = 10.1;
					};
				};
			};
			buildConfigurationList = C42132E622054462006C10C4 /* Build configuration list for PBXProject "HuChuangApp" */;
			compatibilityVersion = "Xcode 9.3";
			developmentRegion = en;
			hasScannedForEncodings = 0;
			knownRegions = (
				en,
				Base,
			);
			mainGroup = C42132E222054462006C10C4;
			productRefGroup = C42132EC22054462006C10C4 /* Products */;
			projectDirPath = "";
			projectRoot = "";
			targets = (
				C42132EA22054462006C10C4 /* HuChuangApp */,
			);
		};
/* End PBXProject section */

/* Begin PBXResourcesBuildPhase section */
		C42132E922054462006C10C4 /* Resources */ = {
			isa = PBXResourcesBuildPhase;
			buildActionMask = 2147483647;
			files = (
				B8BE35052214723C00EF16F1 /* EditUserInfoCell.xib in Resources */,
				C43F09BC2214315900910437 /* HomeFunctionCell.xib in Resources */,
				C42132F922054463006C10C4 /* LaunchScreen.storyboard in Resources */,
				C42133A52205B4FE006C10C4 /* HomeHeaderView.xib in Resources */,
				B8BE34EF2214599B00EF16F1 /* MineHeaderView.xib in Resources */,
				C421336122058E50006C10C4 /* HCLogin.storyboard in Resources */,
				C4213338220572C6006C10C4 /* HCMain.storyboard in Resources */,
				B8BE34F8221465D900EF16F1 /* MineCell.xib in Resources */,
				C42132F622054463006C10C4 /* Assets.xcassets in Resources */,
			);
			runOnlyForDeploymentPostprocessing = 0;
		};
/* End PBXResourcesBuildPhase section */

/* Begin PBXShellScriptBuildPhase section */
		8A26A310A974D8EE809B8ADB /* [CP] Check Pods Manifest.lock */ = {
			isa = PBXShellScriptBuildPhase;
			buildActionMask = 2147483647;
			files = (
			);
			inputFileListPaths = (
			);
			inputPaths = (
				"${PODS_PODFILE_DIR_PATH}/Podfile.lock",
				"${PODS_ROOT}/Manifest.lock",
			);
			name = "[CP] Check Pods Manifest.lock";
			outputFileListPaths = (
			);
			outputPaths = (
				"$(DERIVED_FILE_DIR)/Pods-HuChuangApp-checkManifestLockResult.txt",
			);
			runOnlyForDeploymentPostprocessing = 0;
			shellPath = /bin/sh;
			shellScript = "diff \"${PODS_PODFILE_DIR_PATH}/Podfile.lock\" \"${PODS_ROOT}/Manifest.lock\" > /dev/null\nif [ $? != 0 ] ; then\n    # print error to STDERR\n    echo \"error: The sandbox is not in sync with the Podfile.lock. Run 'pod install' or update your CocoaPods installation.\" >&2\n    exit 1\nfi\n# This output is used by Xcode 'outputs' to avoid re-running this script phase.\necho \"SUCCESS\" > \"${SCRIPT_OUTPUT_FILE_0}\"\n";
			showEnvVarsInLog = 0;
		};
		9FF3B870F6316C05A9A0E76A /* [CP] Embed Pods Frameworks */ = {
			isa = PBXShellScriptBuildPhase;
			buildActionMask = 2147483647;
			files = (
			);
			inputFileListPaths = (
			);
			inputPaths = (
				"${PODS_ROOT}/Target Support Files/Pods-HuChuangApp/Pods-HuChuangApp-frameworks.sh",
				"${BUILT_PRODUCTS_DIR}/Alamofire/Alamofire.framework",
				"${BUILT_PRODUCTS_DIR}/Differentiator/Differentiator.framework",
				"${BUILT_PRODUCTS_DIR}/HandyJSON/HandyJSON.framework",
				"${BUILT_PRODUCTS_DIR}/Kingfisher/Kingfisher.framework",
				"${BUILT_PRODUCTS_DIR}/MJRefresh/MJRefresh.framework",
				"${BUILT_PRODUCTS_DIR}/Moya/Moya.framework",
				"${BUILT_PRODUCTS_DIR}/Result/Result.framework",
				"${BUILT_PRODUCTS_DIR}/RxCocoa/RxCocoa.framework",
				"${BUILT_PRODUCTS_DIR}/RxDataSources/RxDataSources.framework",
				"${BUILT_PRODUCTS_DIR}/RxSwift/RxSwift.framework",
				"${BUILT_PRODUCTS_DIR}/SQLite.swift/SQLite.framework",
				"${BUILT_PRODUCTS_DIR}/SnapKit/SnapKit.framework",
			);
			name = "[CP] Embed Pods Frameworks";
			outputFileListPaths = (
			);
			outputPaths = (
				"${TARGET_BUILD_DIR}/${FRAMEWORKS_FOLDER_PATH}/Alamofire.framework",
				"${TARGET_BUILD_DIR}/${FRAMEWORKS_FOLDER_PATH}/Differentiator.framework",
				"${TARGET_BUILD_DIR}/${FRAMEWORKS_FOLDER_PATH}/HandyJSON.framework",
				"${TARGET_BUILD_DIR}/${FRAMEWORKS_FOLDER_PATH}/Kingfisher.framework",
				"${TARGET_BUILD_DIR}/${FRAMEWORKS_FOLDER_PATH}/MJRefresh.framework",
				"${TARGET_BUILD_DIR}/${FRAMEWORKS_FOLDER_PATH}/Moya.framework",
				"${TARGET_BUILD_DIR}/${FRAMEWORKS_FOLDER_PATH}/Result.framework",
				"${TARGET_BUILD_DIR}/${FRAMEWORKS_FOLDER_PATH}/RxCocoa.framework",
				"${TARGET_BUILD_DIR}/${FRAMEWORKS_FOLDER_PATH}/RxDataSources.framework",
				"${TARGET_BUILD_DIR}/${FRAMEWORKS_FOLDER_PATH}/RxSwift.framework",
				"${TARGET_BUILD_DIR}/${FRAMEWORKS_FOLDER_PATH}/SQLite.framework",
				"${TARGET_BUILD_DIR}/${FRAMEWORKS_FOLDER_PATH}/SnapKit.framework",
			);
			runOnlyForDeploymentPostprocessing = 0;
			shellPath = /bin/sh;
			shellScript = "\"${PODS_ROOT}/Target Support Files/Pods-HuChuangApp/Pods-HuChuangApp-frameworks.sh\"\n";
			showEnvVarsInLog = 0;
		};
/* End PBXShellScriptBuildPhase section */

/* Begin PBXSourcesBuildPhase section */
		C42132E722054462006C10C4 /* Sources */ = {
			isa = PBXSourcesBuildPhase;
			buildActionMask = 2147483647;
			files = (
				B8BE351B22147DE500EF16F1 /* EditViewModel.swift in Sources */,
				C421338322059B8C006C10C4 /* CacheKey.swift in Sources */,
				C421337722059A6D006C10C4 /* HCHelper.swift in Sources */,
				C421333D220586BD006C10C4 /* HCHomeViewController.swift in Sources */,
				C421334B220587DC006C10C4 /* Response+ModelMapper.swift in Sources */,
				C4213375220599A9006C10C4 /* HCUser.swift in Sources */,
				C421332622056F24006C10C4 /* FrameView.swift in Sources */,
				B8BE34FD221470D900EF16F1 /* EditUserInfoViewModel.swift in Sources */,
				C421331822056D5E006C10C4 /* MainNavigationController.swift in Sources */,
				C42133A72205B50A006C10C4 /* HomeHeader.swift in Sources */,
				B8BE350B221478A900EF16F1 /* VCServer.swift in Sources */,
				C421332722056F24006C10C4 /* HUDIndicatorView.swift in Sources */,
				C42133932205B1E9006C10C4 /* KeyboardManager.swift in Sources */,
				C4213352220587F6006C10C4 /* APIAdapt.swift in Sources */,
				C421336E2205961D006C10C4 /* UIView+_Rx.swift in Sources */,
				C42133702205961D006C10C4 /* SharedSequenceConvertibleType+Extension.swift in Sources */,
				C421339B2205B224006C10C4 /* DiskImage.swift in Sources */,
				C4213351220587F6006C10C4 /* CRAPI.swift in Sources */,
				C42133732205974A006C10C4 /* Validate.swift in Sources */,
				C421332822056F24006C10C4 /* TYHUDAnimating.swift in Sources */,
				C4213336220570B6006C10C4 /* UIView+Frame.swift in Sources */,
				C421336F2205961D006C10C4 /* ObservableType+Extension.swift in Sources */,
				C421335F220588FD006C10C4 /* HandyModel.swift in Sources */,
				C421332F22056F4C006C10C4 /* NoticesCenter.swift in Sources */,
				B8BE350F2214797200EF16F1 /* FileManager+Extension.swift in Sources */,
				C421332922056F24006C10C4 /* TYIndicatorBaseView.swift in Sources */,
				C421331222056BD1006C10C4 /* BaseNavigationController.swift in Sources */,
				B8BE34F42214645900EF16F1 /* MineViewModel.swift in Sources */,
				B8BE351122147AE600EF16F1 /* HCEditUserIconViewController.swift in Sources */,
				C4481E2422154D66007F4B0C /* BaseWKWebViewViewController.swift in Sources */,
				C421332C22056F24006C10C4 /* TYHUD.swift in Sources */,
				C42133582205883D006C10C4 /* BaseViewModel.swift in Sources */,
				C421332A22056F24006C10C4 /* BackgroundView.swift in Sources */,
				B8BE351322147AF500EF16F1 /* HCEditNickNameViewController.swift in Sources */,
				B8BE351922147B4000EF16F1 /* HCEditSynopsisViewController.swift in Sources */,
				C421338C2205A544006C10C4 /* Home.swift in Sources */,
				C421332B22056F24006C10C4 /* HUD.swift in Sources */,
				C421339D2205B224006C10C4 /* ImageRx.swift in Sources */,
				B8BE34ED2214598F00EF16F1 /* MineHeader.swift in Sources */,
				C421331422056C37006C10C4 /* Debug.swift in Sources */,
				C421338822059B8C006C10C4 /* DB+Extension.swift in Sources */,
				C42133952205B1E9006C10C4 /* CarouselDatasource.swift in Sources */,
				B8BE350D2214794900EF16F1 /* Bundle+Extension.swift in Sources */,
				C4213341220586DE006C10C4 /* HCCircleViewController.swift in Sources */,
				C421338222059B8C006C10C4 /* UserDefaults+Cache.swift in Sources */,
				C421334D220587DC006C10C4 /* Single+ModelMapper.swift in Sources */,
				C421334C220587DC006C10C4 /* HandyJSON+MapModel.swift in Sources */,
				B8BE34F7221465D900EF16F1 /* MineCell.swift in Sources */,
				B8BE351522147AFF00EF16F1 /* HCEditSexViewController.swift in Sources */,
				C421331622056C74006C10C4 /* HCAppConfig.swift in Sources */,
				C421335A2205883D006C10C4 /* RefreshServer.swift in Sources */,
				C421333A220572F2006C10C4 /* HCTabBarViewController.swift in Sources */,
				C421339C2205B224006C10C4 /* ImageCacheCenter.swift in Sources */,
				C42133942205B1E9006C10C4 /* CarouselView.swift in Sources */,
				B8BE351D221484C600EF16F1 /* UINavigationController+BarButtonItem.swift in Sources */,
				C42133712205961D006C10C4 /* UIControl+_Rx.swift in Sources */,
				C4213343220586E6006C10C4 /* HCMineViewController.swift in Sources */,
				C421338622059B8C006C10C4 /* DB.swift in Sources */,
				C421338422059B8C006C10C4 /* DBQueue.swift in Sources */,
				B8BE34FB221470B800EF16F1 /* HCEditUserInfoViewController.swift in Sources */,
				C421338722059B8C006C10C4 /* DBCtrl.swift in Sources */,
				C421338522059B8C006C10C4 /* DBProtocol.swift in Sources */,
				C421336622058F97006C10C4 /* HCLoginViewController.swift in Sources */,
				B8BE35092214738000EF16F1 /* EditUserInfoModel.swift in Sources */,
				C43F09BE22143B5200910437 /* BaseWebViewController.swift in Sources */,
				C42133A12205B41C006C10C4 /* BaseFilesOwner.swift in Sources */,
				C421330B22056B59006C10C4 /* HCAppDelegate.swift in Sources */,
				C4C3257D2205C3AD0091783C /* UIView+XIB.swift in Sources */,
				B8BE351722147B1E00EF16F1 /* HCEditBirthdayViewController.swift in Sources */,
				C4C3257B2205B8490091783C /* ScrollTextView.swift in Sources */,
				C42133592205883D006C10C4 /* PageModel.swift in Sources */,
				C421339E2205B224006C10C4 /* HttpImage.swift in Sources */,
				C4213353220587F6006C10C4 /* APIServer.swift in Sources */,
				C421333F220586D4006C10C4 /* HCConsultViewController.swift in Sources */,
				B8BE35042214723C00EF16F1 /* EditUserInfoCell.swift in Sources */,
				C421335D220588B7006C10C4 /* BaseModel.swift in Sources */,
				C421333422056FB8006C10C4 /* UIDevice+Extension.swift in Sources */,
				C43F09BB2214315900910437 /* HomeFunctionCell.swift in Sources */,
				C42133682205902A006C10C4 /* AccountViewModel.swift in Sources */,
				B8BE34F222145DF000EF16F1 /* UserFunctionButton.swift in Sources */,
				C421338A22059D7A006C10C4 /* HomeViewModel.swift in Sources */,
				C43F09C3221448B000910437 /* HCNotifications.swift in Sources */,
				C421332D22056F24006C10C4 /* HUDUtil.swift in Sources */,
				C421331C22056E83006C10C4 /* ViewControllerServer.swift in Sources */,
				C421331A22056E55006C10C4 /* BaseViewController.swift in Sources */,
				C421333222056F96006C10C4 /* UIKit+Extension.swift in Sources */,
			);
			runOnlyForDeploymentPostprocessing = 0;
		};
/* End PBXSourcesBuildPhase section */

/* Begin PBXVariantGroup section */
		C42132F722054463006C10C4 /* LaunchScreen.storyboard */ = {
			isa = PBXVariantGroup;
			children = (
				C42132F822054463006C10C4 /* Base */,
			);
			name = LaunchScreen.storyboard;
			sourceTree = "<group>";
		};
/* End PBXVariantGroup section */

/* Begin XCBuildConfiguration section */
		C42132FB22054463006C10C4 /* Debug */ = {
			isa = XCBuildConfiguration;
			buildSettings = {
				ALWAYS_SEARCH_USER_PATHS = NO;
				CLANG_ANALYZER_NONNULL = YES;
				CLANG_ANALYZER_NUMBER_OBJECT_CONVERSION = YES_AGGRESSIVE;
				CLANG_CXX_LANGUAGE_STANDARD = "gnu++14";
				CLANG_CXX_LIBRARY = "libc++";
				CLANG_ENABLE_MODULES = YES;
				CLANG_ENABLE_OBJC_ARC = YES;
				CLANG_ENABLE_OBJC_WEAK = YES;
				CLANG_WARN_BLOCK_CAPTURE_AUTORELEASING = YES;
				CLANG_WARN_BOOL_CONVERSION = YES;
				CLANG_WARN_COMMA = YES;
				CLANG_WARN_CONSTANT_CONVERSION = YES;
				CLANG_WARN_DEPRECATED_OBJC_IMPLEMENTATIONS = YES;
				CLANG_WARN_DIRECT_OBJC_ISA_USAGE = YES_ERROR;
				CLANG_WARN_DOCUMENTATION_COMMENTS = YES;
				CLANG_WARN_EMPTY_BODY = YES;
				CLANG_WARN_ENUM_CONVERSION = YES;
				CLANG_WARN_INFINITE_RECURSION = YES;
				CLANG_WARN_INT_CONVERSION = YES;
				CLANG_WARN_NON_LITERAL_NULL_CONVERSION = YES;
				CLANG_WARN_OBJC_IMPLICIT_RETAIN_SELF = YES;
				CLANG_WARN_OBJC_LITERAL_CONVERSION = YES;
				CLANG_WARN_OBJC_ROOT_CLASS = YES_ERROR;
				CLANG_WARN_RANGE_LOOP_ANALYSIS = YES;
				CLANG_WARN_STRICT_PROTOTYPES = YES;
				CLANG_WARN_SUSPICIOUS_MOVE = YES;
				CLANG_WARN_UNGUARDED_AVAILABILITY = YES_AGGRESSIVE;
				CLANG_WARN_UNREACHABLE_CODE = YES;
				CLANG_WARN__DUPLICATE_METHOD_MATCH = YES;
				CODE_SIGN_IDENTITY = "iPhone Developer";
				COPY_PHASE_STRIP = NO;
				DEBUG_INFORMATION_FORMAT = dwarf;
				ENABLE_STRICT_OBJC_MSGSEND = YES;
				ENABLE_TESTABILITY = YES;
				GCC_C_LANGUAGE_STANDARD = gnu11;
				GCC_DYNAMIC_NO_PIC = NO;
				GCC_NO_COMMON_BLOCKS = YES;
				GCC_OPTIMIZATION_LEVEL = 0;
				GCC_PREPROCESSOR_DEFINITIONS = (
					"DEBUG=1",
					"$(inherited)",
				);
				GCC_WARN_64_TO_32_BIT_CONVERSION = YES;
				GCC_WARN_ABOUT_RETURN_TYPE = YES_ERROR;
				GCC_WARN_UNDECLARED_SELECTOR = YES;
				GCC_WARN_UNINITIALIZED_AUTOS = YES_AGGRESSIVE;
				GCC_WARN_UNUSED_FUNCTION = YES;
				GCC_WARN_UNUSED_VARIABLE = YES;
				IPHONEOS_DEPLOYMENT_TARGET = 12.1;
				MTL_ENABLE_DEBUG_INFO = INCLUDE_SOURCE;
				MTL_FAST_MATH = YES;
				ONLY_ACTIVE_ARCH = YES;
				SDKROOT = iphoneos;
				SWIFT_ACTIVE_COMPILATION_CONDITIONS = DEBUG;
				SWIFT_OPTIMIZATION_LEVEL = "-Onone";
			};
			name = Debug;
		};
		C42132FC22054463006C10C4 /* Release */ = {
			isa = XCBuildConfiguration;
			buildSettings = {
				ALWAYS_SEARCH_USER_PATHS = NO;
				CLANG_ANALYZER_NONNULL = YES;
				CLANG_ANALYZER_NUMBER_OBJECT_CONVERSION = YES_AGGRESSIVE;
				CLANG_CXX_LANGUAGE_STANDARD = "gnu++14";
				CLANG_CXX_LIBRARY = "libc++";
				CLANG_ENABLE_MODULES = YES;
				CLANG_ENABLE_OBJC_ARC = YES;
				CLANG_ENABLE_OBJC_WEAK = YES;
				CLANG_WARN_BLOCK_CAPTURE_AUTORELEASING = YES;
				CLANG_WARN_BOOL_CONVERSION = YES;
				CLANG_WARN_COMMA = YES;
				CLANG_WARN_CONSTANT_CONVERSION = YES;
				CLANG_WARN_DEPRECATED_OBJC_IMPLEMENTATIONS = YES;
				CLANG_WARN_DIRECT_OBJC_ISA_USAGE = YES_ERROR;
				CLANG_WARN_DOCUMENTATION_COMMENTS = YES;
				CLANG_WARN_EMPTY_BODY = YES;
				CLANG_WARN_ENUM_CONVERSION = YES;
				CLANG_WARN_INFINITE_RECURSION = YES;
				CLANG_WARN_INT_CONVERSION = YES;
				CLANG_WARN_NON_LITERAL_NULL_CONVERSION = YES;
				CLANG_WARN_OBJC_IMPLICIT_RETAIN_SELF = YES;
				CLANG_WARN_OBJC_LITERAL_CONVERSION = YES;
				CLANG_WARN_OBJC_ROOT_CLASS = YES_ERROR;
				CLANG_WARN_RANGE_LOOP_ANALYSIS = YES;
				CLANG_WARN_STRICT_PROTOTYPES = YES;
				CLANG_WARN_SUSPICIOUS_MOVE = YES;
				CLANG_WARN_UNGUARDED_AVAILABILITY = YES_AGGRESSIVE;
				CLANG_WARN_UNREACHABLE_CODE = YES;
				CLANG_WARN__DUPLICATE_METHOD_MATCH = YES;
				CODE_SIGN_IDENTITY = "iPhone Developer";
				COPY_PHASE_STRIP = NO;
				DEBUG_INFORMATION_FORMAT = "dwarf-with-dsym";
				ENABLE_NS_ASSERTIONS = NO;
				ENABLE_STRICT_OBJC_MSGSEND = YES;
				GCC_C_LANGUAGE_STANDARD = gnu11;
				GCC_NO_COMMON_BLOCKS = YES;
				GCC_WARN_64_TO_32_BIT_CONVERSION = YES;
				GCC_WARN_ABOUT_RETURN_TYPE = YES_ERROR;
				GCC_WARN_UNDECLARED_SELECTOR = YES;
				GCC_WARN_UNINITIALIZED_AUTOS = YES_AGGRESSIVE;
				GCC_WARN_UNUSED_FUNCTION = YES;
				GCC_WARN_UNUSED_VARIABLE = YES;
				IPHONEOS_DEPLOYMENT_TARGET = 12.1;
				MTL_ENABLE_DEBUG_INFO = NO;
				MTL_FAST_MATH = YES;
				SDKROOT = iphoneos;
				SWIFT_COMPILATION_MODE = wholemodule;
				SWIFT_OPTIMIZATION_LEVEL = "-O";
				VALIDATE_PRODUCT = YES;
			};
			name = Release;
		};
		C42132FE22054463006C10C4 /* Debug */ = {
			isa = XCBuildConfiguration;
			baseConfigurationReference = 9AD9FF392745B099CB0232B2 /* Pods-HuChuangApp.debug.xcconfig */;
			buildSettings = {
				ASSETCATALOG_COMPILER_APPICON_NAME = AppIcon;
				CODE_SIGN_IDENTITY = "iPhone Developer";
				CODE_SIGN_STYLE = Manual;
				DEVELOPMENT_TEAM = J9M9SRP484;
				INFOPLIST_FILE = HuChuangApp/Info.plist;
				IPHONEOS_DEPLOYMENT_TARGET = 8.0;
				LD_RUNPATH_SEARCH_PATHS = (
					"$(inherited)",
					"@executable_path/Frameworks",
				);
				PRODUCT_BUNDLE_IDENTIFIER = com.huchuang.guangsanuser;
				PRODUCT_NAME = "$(TARGET_NAME)";
				PROVISIONING_PROFILE_SPECIFIER = guangsan_user_dev_profile;
				SWIFT_OBJC_BRIDGING_HEADER = "$(SRCROOT)/HuChuangApp/Main/Config/HcChuangApp-Bridge-Header.h";
				SWIFT_VERSION = 4.2;
				TARGETED_DEVICE_FAMILY = "1,2";
			};
			name = Debug;
		};
		C42132FF22054463006C10C4 /* Release */ = {
			isa = XCBuildConfiguration;
			baseConfigurationReference = B134908D77E06AADC9A7A4A3 /* Pods-HuChuangApp.release.xcconfig */;
			buildSettings = {
				ASSETCATALOG_COMPILER_APPICON_NAME = AppIcon;
				CODE_SIGN_IDENTITY = "iPhone Distribution";
				CODE_SIGN_STYLE = Manual;
				DEVELOPMENT_TEAM = J9M9SRP484;
				INFOPLIST_FILE = HuChuangApp/Info.plist;
				IPHONEOS_DEPLOYMENT_TARGET = 8.0;
				LD_RUNPATH_SEARCH_PATHS = (
					"$(inherited)",
					"@executable_path/Frameworks",
				);
				PRODUCT_BUNDLE_IDENTIFIER = com.huchuang.guangsanuser;
				PRODUCT_NAME = "$(TARGET_NAME)";
				PROVISIONING_PROFILE_SPECIFIER = guangsan_user_hoc_pro;
				SWIFT_OBJC_BRIDGING_HEADER = "$(SRCROOT)/HuChuangApp/Main/Config/HcChuangApp-Bridge-Header.h";
				SWIFT_VERSION = 4.2;
				TARGETED_DEVICE_FAMILY = "1,2";
			};
			name = Release;
		};
/* End XCBuildConfiguration section */

/* Begin XCConfigurationList section */
		C42132E622054462006C10C4 /* Build configuration list for PBXProject "HuChuangApp" */ = {
			isa = XCConfigurationList;
			buildConfigurations = (
				C42132FB22054463006C10C4 /* Debug */,
				C42132FC22054463006C10C4 /* Release */,
			);
			defaultConfigurationIsVisible = 0;
			defaultConfigurationName = Release;
		};
		C42132FD22054463006C10C4 /* Build configuration list for PBXNativeTarget "HuChuangApp" */ = {
			isa = XCConfigurationList;
			buildConfigurations = (
				C42132FE22054463006C10C4 /* Debug */,
				C42132FF22054463006C10C4 /* Release */,
			);
			defaultConfigurationIsVisible = 0;
			defaultConfigurationName = Release;
		};
/* End XCConfigurationList section */
	};
	rootObject = C42132E322054462006C10C4 /* Project object */;
}
