// !$*UTF8*$!
{
	archiveVersion = 1;
	classes = {
	};
	objectVersion = 50;
	objects = {

/* Begin PBXBuildFile section */
		5D46458DB41B31260940E2DE /* Pods_HuChuangApp.framework in Frameworks */ = {isa = PBXBuildFile; fileRef = DA49B288AA9976792B904C2F /* Pods_HuChuangApp.framework */; };
		C42132F622054463006C10C4 /* Assets.xcassets in Resources */ = {isa = PBXBuildFile; fileRef = C42132F522054463006C10C4 /* Assets.xcassets */; };
		C42132F922054463006C10C4 /* LaunchScreen.storyboard in Resources */ = {isa = PBXBuildFile; fileRef = C42132F722054463006C10C4 /* LaunchScreen.storyboard */; };
		C421330B22056B59006C10C4 /* HCAppDelegate.swift in Sources */ = {isa = PBXBuildFile; fileRef = C421330A22056B59006C10C4 /* HCAppDelegate.swift */; };
		C421331222056BD1006C10C4 /* BaseNavigationController.swift in Sources */ = {isa = PBXBuildFile; fileRef = C421331122056BD1006C10C4 /* BaseNavigationController.swift */; };
		C421331422056C37006C10C4 /* Debug.swift in Sources */ = {isa = PBXBuildFile; fileRef = C421331322056C37006C10C4 /* Debug.swift */; };
		C421331622056C74006C10C4 /* HCAppConfig.swift in Sources */ = {isa = PBXBuildFile; fileRef = C421331522056C74006C10C4 /* HCAppConfig.swift */; };
		C421331822056D5E006C10C4 /* MainNavigationController.swift in Sources */ = {isa = PBXBuildFile; fileRef = C421331722056D5E006C10C4 /* MainNavigationController.swift */; };
		C421331A22056E55006C10C4 /* BaseViewController.swift in Sources */ = {isa = PBXBuildFile; fileRef = C421331922056E55006C10C4 /* BaseViewController.swift */; };
		C421331C22056E83006C10C4 /* ViewControllerServer.swift in Sources */ = {isa = PBXBuildFile; fileRef = C421331B22056E83006C10C4 /* ViewControllerServer.swift */; };
		C421332622056F24006C10C4 /* FrameView.swift in Sources */ = {isa = PBXBuildFile; fileRef = C421331E22056F24006C10C4 /* FrameView.swift */; };
		C421332722056F24006C10C4 /* HUDIndicatorView.swift in Sources */ = {isa = PBXBuildFile; fileRef = C421331F22056F24006C10C4 /* HUDIndicatorView.swift */; };
		C421332822056F24006C10C4 /* TYHUDAnimating.swift in Sources */ = {isa = PBXBuildFile; fileRef = C421332022056F24006C10C4 /* TYHUDAnimating.swift */; };
		C421332922056F24006C10C4 /* TYIndicatorBaseView.swift in Sources */ = {isa = PBXBuildFile; fileRef = C421332122056F24006C10C4 /* TYIndicatorBaseView.swift */; };
		C421332A22056F24006C10C4 /* BackgroundView.swift in Sources */ = {isa = PBXBuildFile; fileRef = C421332222056F24006C10C4 /* BackgroundView.swift */; };
		C421332B22056F24006C10C4 /* HUD.swift in Sources */ = {isa = PBXBuildFile; fileRef = C421332322056F24006C10C4 /* HUD.swift */; };
		C421332C22056F24006C10C4 /* TYHUD.swift in Sources */ = {isa = PBXBuildFile; fileRef = C421332422056F24006C10C4 /* TYHUD.swift */; };
		C421332D22056F24006C10C4 /* HUDUtil.swift in Sources */ = {isa = PBXBuildFile; fileRef = C421332522056F24006C10C4 /* HUDUtil.swift */; };
		C421332F22056F4C006C10C4 /* NoticesCenter.swift in Sources */ = {isa = PBXBuildFile; fileRef = C421332E22056F4C006C10C4 /* NoticesCenter.swift */; };
		C421333222056F96006C10C4 /* UIKit+Extension.swift in Sources */ = {isa = PBXBuildFile; fileRef = C421333122056F96006C10C4 /* UIKit+Extension.swift */; };
		C421333422056FB8006C10C4 /* UIDevice+Extension.swift in Sources */ = {isa = PBXBuildFile; fileRef = C421333322056FB8006C10C4 /* UIDevice+Extension.swift */; };
		C4213336220570B6006C10C4 /* UIView+Frame.swift in Sources */ = {isa = PBXBuildFile; fileRef = C4213335220570B6006C10C4 /* UIView+Frame.swift */; };
		C4213338220572C6006C10C4 /* HCMain.storyboard in Resources */ = {isa = PBXBuildFile; fileRef = C4213337220572C6006C10C4 /* HCMain.storyboard */; };
		C421333A220572F2006C10C4 /* HCTabBarViewController.swift in Sources */ = {isa = PBXBuildFile; fileRef = C4213339220572F2006C10C4 /* HCTabBarViewController.swift */; };
/* End PBXBuildFile section */

/* Begin PBXFileReference section */
		9AD9FF392745B099CB0232B2 /* Pods-HuChuangApp.debug.xcconfig */ = {isa = PBXFileReference; includeInIndex = 1; lastKnownFileType = text.xcconfig; name = "Pods-HuChuangApp.debug.xcconfig"; path = "Target Support Files/Pods-HuChuangApp/Pods-HuChuangApp.debug.xcconfig"; sourceTree = "<group>"; };
		B134908D77E06AADC9A7A4A3 /* Pods-HuChuangApp.release.xcconfig */ = {isa = PBXFileReference; includeInIndex = 1; lastKnownFileType = text.xcconfig; name = "Pods-HuChuangApp.release.xcconfig"; path = "Target Support Files/Pods-HuChuangApp/Pods-HuChuangApp.release.xcconfig"; sourceTree = "<group>"; };
		C42132EB22054462006C10C4 /* HuChuangApp.app */ = {isa = PBXFileReference; explicitFileType = wrapper.application; includeInIndex = 0; path = HuChuangApp.app; sourceTree = BUILT_PRODUCTS_DIR; };
		C42132F522054463006C10C4 /* Assets.xcassets */ = {isa = PBXFileReference; lastKnownFileType = folder.assetcatalog; path = Assets.xcassets; sourceTree = "<group>"; };
		C42132F822054463006C10C4 /* Base */ = {isa = PBXFileReference; lastKnownFileType = file.storyboard; name = Base; path = Base.lproj/LaunchScreen.storyboard; sourceTree = "<group>"; };
		C42132FA22054463006C10C4 /* Info.plist */ = {isa = PBXFileReference; lastKnownFileType = text.plist.xml; path = Info.plist; sourceTree = "<group>"; };
		C421330A22056B59006C10C4 /* HCAppDelegate.swift */ = {isa = PBXFileReference; fileEncoding = 4; lastKnownFileType = sourcecode.swift; path = HCAppDelegate.swift; sourceTree = "<group>"; };
		C421331122056BD1006C10C4 /* BaseNavigationController.swift */ = {isa = PBXFileReference; lastKnownFileType = sourcecode.swift; path = BaseNavigationController.swift; sourceTree = "<group>"; };
		C421331322056C37006C10C4 /* Debug.swift */ = {isa = PBXFileReference; fileEncoding = 4; lastKnownFileType = sourcecode.swift; path = Debug.swift; sourceTree = "<group>"; };
		C421331522056C74006C10C4 /* HCAppConfig.swift */ = {isa = PBXFileReference; lastKnownFileType = sourcecode.swift; path = HCAppConfig.swift; sourceTree = "<group>"; };
		C421331722056D5E006C10C4 /* MainNavigationController.swift */ = {isa = PBXFileReference; lastKnownFileType = sourcecode.swift; path = MainNavigationController.swift; sourceTree = "<group>"; };
		C421331922056E55006C10C4 /* BaseViewController.swift */ = {isa = PBXFileReference; fileEncoding = 4; lastKnownFileType = sourcecode.swift; path = BaseViewController.swift; sourceTree = "<group>"; };
		C421331B22056E83006C10C4 /* ViewControllerServer.swift */ = {isa = PBXFileReference; fileEncoding = 4; lastKnownFileType = sourcecode.swift; path = ViewControllerServer.swift; sourceTree = "<group>"; };
		C421331E22056F24006C10C4 /* FrameView.swift */ = {isa = PBXFileReference; fileEncoding = 4; lastKnownFileType = sourcecode.swift; path = FrameView.swift; sourceTree = "<group>"; };
		C421331F22056F24006C10C4 /* HUDIndicatorView.swift */ = {isa = PBXFileReference; fileEncoding = 4; lastKnownFileType = sourcecode.swift; path = HUDIndicatorView.swift; sourceTree = "<group>"; };
		C421332022056F24006C10C4 /* TYHUDAnimating.swift */ = {isa = PBXFileReference; fileEncoding = 4; lastKnownFileType = sourcecode.swift; path = TYHUDAnimating.swift; sourceTree = "<group>"; };
		C421332122056F24006C10C4 /* TYIndicatorBaseView.swift */ = {isa = PBXFileReference; fileEncoding = 4; lastKnownFileType = sourcecode.swift; path = TYIndicatorBaseView.swift; sourceTree = "<group>"; };
		C421332222056F24006C10C4 /* BackgroundView.swift */ = {isa = PBXFileReference; fileEncoding = 4; lastKnownFileType = sourcecode.swift; path = BackgroundView.swift; sourceTree = "<group>"; };
		C421332322056F24006C10C4 /* HUD.swift */ = {isa = PBXFileReference; fileEncoding = 4; lastKnownFileType = sourcecode.swift; path = HUD.swift; sourceTree = "<group>"; };
		C421332422056F24006C10C4 /* TYHUD.swift */ = {isa = PBXFileReference; fileEncoding = 4; lastKnownFileType = sourcecode.swift; path = TYHUD.swift; sourceTree = "<group>"; };
		C421332522056F24006C10C4 /* HUDUtil.swift */ = {isa = PBXFileReference; fileEncoding = 4; lastKnownFileType = sourcecode.swift; path = HUDUtil.swift; sourceTree = "<group>"; };
		C421332E22056F4C006C10C4 /* NoticesCenter.swift */ = {isa = PBXFileReference; fileEncoding = 4; lastKnownFileType = sourcecode.swift; path = NoticesCenter.swift; sourceTree = "<group>"; };
		C421333122056F96006C10C4 /* UIKit+Extension.swift */ = {isa = PBXFileReference; fileEncoding = 4; lastKnownFileType = sourcecode.swift; path = "UIKit+Extension.swift"; sourceTree = "<group>"; };
		C421333322056FB8006C10C4 /* UIDevice+Extension.swift */ = {isa = PBXFileReference; fileEncoding = 4; lastKnownFileType = sourcecode.swift; path = "UIDevice+Extension.swift"; sourceTree = "<group>"; };
		C4213335220570B6006C10C4 /* UIView+Frame.swift */ = {isa = PBXFileReference; lastKnownFileType = sourcecode.swift; path = "UIView+Frame.swift"; sourceTree = "<group>"; };
		C4213337220572C6006C10C4 /* HCMain.storyboard */ = {isa = PBXFileReference; lastKnownFileType = file.storyboard; path = HCMain.storyboard; sourceTree = "<group>"; };
		C4213339220572F2006C10C4 /* HCTabBarViewController.swift */ = {isa = PBXFileReference; lastKnownFileType = sourcecode.swift; path = HCTabBarViewController.swift; sourceTree = "<group>"; };
		DA49B288AA9976792B904C2F /* Pods_HuChuangApp.framework */ = {isa = PBXFileReference; explicitFileType = wrapper.framework; includeInIndex = 0; path = Pods_HuChuangApp.framework; sourceTree = BUILT_PRODUCTS_DIR; };
/* End PBXFileReference section */

/* Begin PBXFrameworksBuildPhase section */
		C42132E822054462006C10C4 /* Frameworks */ = {
			isa = PBXFrameworksBuildPhase;
			buildActionMask = 2147483647;
			files = (
				5D46458DB41B31260940E2DE /* Pods_HuChuangApp.framework in Frameworks */,
			);
			runOnlyForDeploymentPostprocessing = 0;
		};
/* End PBXFrameworksBuildPhase section */

/* Begin PBXGroup section */
		0F5E7281C3B704E9E0295208 /* Pods */ = {
			isa = PBXGroup;
			children = (
				9AD9FF392745B099CB0232B2 /* Pods-HuChuangApp.debug.xcconfig */,
				B134908D77E06AADC9A7A4A3 /* Pods-HuChuangApp.release.xcconfig */,
			);
			path = Pods;
			sourceTree = "<group>";
		};
		1A725708116D01A04185F019 /* Frameworks */ = {
			isa = PBXGroup;
			children = (
				DA49B288AA9976792B904C2F /* Pods_HuChuangApp.framework */,
			);
			name = Frameworks;
			sourceTree = "<group>";
		};
		C42132E222054462006C10C4 = {
			isa = PBXGroup;
			children = (
				C42132ED22054462006C10C4 /* HuChuangApp */,
				C42132EC22054462006C10C4 /* Products */,
				0F5E7281C3B704E9E0295208 /* Pods */,
				1A725708116D01A04185F019 /* Frameworks */,
			);
			sourceTree = "<group>";
		};
		C42132EC22054462006C10C4 /* Products */ = {
			isa = PBXGroup;
			children = (
				C42132EB22054462006C10C4 /* HuChuangApp.app */,
			);
			name = Products;
			sourceTree = "<group>";
		};
		C42132ED22054462006C10C4 /* HuChuangApp */ = {
			isa = PBXGroup;
			children = (
				C421330722056B59006C10C4 /* Main */,
				C421330422056B19006C10C4 /* Core */,
				C421330522056B19006C10C4 /* HCHelper */,
				C421330322056B19006C10C4 /* Server */,
				C421330222056B19006C10C4 /* UI */,
				C421330622056B19006C10C4 /* Utils */,
				C42132F522054463006C10C4 /* Assets.xcassets */,
				C42132F722054463006C10C4 /* LaunchScreen.storyboard */,
				C42132FA22054463006C10C4 /* Info.plist */,
			);
			path = HuChuangApp;
			sourceTree = "<group>";
		};
		C421330222056B19006C10C4 /* UI */ = {
			isa = PBXGroup;
			children = (
				C421330C22056B84006C10C4 /* Controller */,
				C421330D22056B84006C10C4 /* Interface */,
				C421330E22056B84006C10C4 /* View */,
			);
			path = UI;
			sourceTree = "<group>";
		};
		C421330322056B19006C10C4 /* Server */ = {
			isa = PBXGroup;
			children = (
			);
			path = Server;
			sourceTree = "<group>";
		};
		C421330422056B19006C10C4 /* Core */ = {
			isa = PBXGroup;
			children = (
			);
			path = Core;
			sourceTree = "<group>";
		};
		C421330522056B19006C10C4 /* HCHelper */ = {
			isa = PBXGroup;
			children = (
				C421332E22056F4C006C10C4 /* NoticesCenter.swift */,
			);
			path = HCHelper;
			sourceTree = "<group>";
		};
		C421330622056B19006C10C4 /* Utils */ = {
			isa = PBXGroup;
			children = (
				C421333022056F96006C10C4 /* Extension */,
				C421331D22056F24006C10C4 /* TYHUD */,
				C421331322056C37006C10C4 /* Debug.swift */,
			);
			path = Utils;
			sourceTree = "<group>";
		};
		C421330722056B59006C10C4 /* Main */ = {
			isa = PBXGroup;
			children = (
				C421330822056B59006C10C4 /* Config */,
				C421330922056B59006C10C4 /* AppDelegate */,
				C4213339220572F2006C10C4 /* HCTabBarViewController.swift */,
			);
			path = Main;
			sourceTree = "<group>";
		};
		C421330822056B59006C10C4 /* Config */ = {
			isa = PBXGroup;
			children = (
				C421331522056C74006C10C4 /* HCAppConfig.swift */,
			);
			path = Config;
			sourceTree = "<group>";
		};
		C421330922056B59006C10C4 /* AppDelegate */ = {
			isa = PBXGroup;
			children = (
				C421330A22056B59006C10C4 /* HCAppDelegate.swift */,
			);
			path = AppDelegate;
			sourceTree = "<group>";
		};
		C421330C22056B84006C10C4 /* Controller */ = {
			isa = PBXGroup;
			children = (
				C421330F22056BAE006C10C4 /* Base */,
			);
			path = Controller;
			sourceTree = "<group>";
		};
		C421330D22056B84006C10C4 /* Interface */ = {
			isa = PBXGroup;
			children = (
				C4213337220572C6006C10C4 /* HCMain.storyboard */,
			);
			path = Interface;
			sourceTree = "<group>";
		};
		C421330E22056B84006C10C4 /* View */ = {
			isa = PBXGroup;
			children = (
				C421331022056BB4006C10C4 /* Base */,
			);
			path = View;
			sourceTree = "<group>";
		};
		C421330F22056BAE006C10C4 /* Base */ = {
			isa = PBXGroup;
			children = (
				C421331B22056E83006C10C4 /* ViewControllerServer.swift */,
				C421331922056E55006C10C4 /* BaseViewController.swift */,
				C421331122056BD1006C10C4 /* BaseNavigationController.swift */,
				C421331722056D5E006C10C4 /* MainNavigationController.swift */,
			);
			path = Base;
			sourceTree = "<group>";
		};
		C421331022056BB4006C10C4 /* Base */ = {
			isa = PBXGroup;
			children = (
			);
			path = Base;
			sourceTree = "<group>";
		};
		C421331D22056F24006C10C4 /* TYHUD */ = {
			isa = PBXGroup;
			children = (
				C421331E22056F24006C10C4 /* FrameView.swift */,
				C421331F22056F24006C10C4 /* HUDIndicatorView.swift */,
				C421332022056F24006C10C4 /* TYHUDAnimating.swift */,
				C421332122056F24006C10C4 /* TYIndicatorBaseView.swift */,
				C421332222056F24006C10C4 /* BackgroundView.swift */,
				C421332322056F24006C10C4 /* HUD.swift */,
				C421332422056F24006C10C4 /* TYHUD.swift */,
				C421332522056F24006C10C4 /* HUDUtil.swift */,
			);
			path = TYHUD;
			sourceTree = "<group>";
		};
		C421333022056F96006C10C4 /* Extension */ = {
			isa = PBXGroup;
			children = (
				C421333322056FB8006C10C4 /* UIDevice+Extension.swift */,
				C421333122056F96006C10C4 /* UIKit+Extension.swift */,
				C4213335220570B6006C10C4 /* UIView+Frame.swift */,
			);
			path = Extension;
			sourceTree = "<group>";
		};
/* End PBXGroup section */

/* Begin PBXNativeTarget section */
		C42132EA22054462006C10C4 /* HuChuangApp */ = {
			isa = PBXNativeTarget;
			buildConfigurationList = C42132FD22054463006C10C4 /* Build configuration list for PBXNativeTarget "HuChuangApp" */;
			buildPhases = (
				8A26A310A974D8EE809B8ADB /* [CP] Check Pods Manifest.lock */,
				C42132E722054462006C10C4 /* Sources */,
				C42132E822054462006C10C4 /* Frameworks */,
				C42132E922054462006C10C4 /* Resources */,
				9FF3B870F6316C05A9A0E76A /* [CP] Embed Pods Frameworks */,
			);
			buildRules = (
			);
			dependencies = (
			);
			name = HuChuangApp;
			productName = HuChuangApp;
			productReference = C42132EB22054462006C10C4 /* HuChuangApp.app */;
			productType = "com.apple.product-type.application";
		};
/* End PBXNativeTarget section */

/* Begin PBXProject section */
		C42132E322054462006C10C4 /* Project object */ = {
			isa = PBXProject;
			attributes = {
				LastSwiftUpdateCheck = 1010;
				LastUpgradeCheck = 1010;
				ORGANIZATIONNAME = sw;
				TargetAttributes = {
					C42132EA22054462006C10C4 = {
						CreatedOnToolsVersion = 10.1;
					};
				};
			};
			buildConfigurationList = C42132E622054462006C10C4 /* Build configuration list for PBXProject "HuChuangApp" */;
			compatibilityVersion = "Xcode 9.3";
			developmentRegion = en;
			hasScannedForEncodings = 0;
			knownRegions = (
				en,
				Base,
			);
			mainGroup = C42132E222054462006C10C4;
			productRefGroup = C42132EC22054462006C10C4 /* Products */;
			projectDirPath = "";
			projectRoot = "";
			targets = (
				C42132EA22054462006C10C4 /* HuChuangApp */,
			);
		};
/* End PBXProject section */

/* Begin PBXResourcesBuildPhase section */
		C42132E922054462006C10C4 /* Resources */ = {
			isa = PBXResourcesBuildPhase;
			buildActionMask = 2147483647;
			files = (
				C42132F922054463006C10C4 /* LaunchScreen.storyboard in Resources */,
				C4213338220572C6006C10C4 /* HCMain.storyboard in Resources */,
				C42132F622054463006C10C4 /* Assets.xcassets in Resources */,
			);
			runOnlyForDeploymentPostprocessing = 0;
		};
/* End PBXResourcesBuildPhase section */

/* Begin PBXShellScriptBuildPhase section */
		8A26A310A974D8EE809B8ADB /* [CP] Check Pods Manifest.lock */ = {
			isa = PBXShellScriptBuildPhase;
			buildActionMask = 2147483647;
			files = (
			);
			inputFileListPaths = (
			);
			inputPaths = (
				"${PODS_PODFILE_DIR_PATH}/Podfile.lock",
				"${PODS_ROOT}/Manifest.lock",
			);
			name = "[CP] Check Pods Manifest.lock";
			outputFileListPaths = (
			);
			outputPaths = (
				"$(DERIVED_FILE_DIR)/Pods-HuChuangApp-checkManifestLockResult.txt",
			);
			runOnlyForDeploymentPostprocessing = 0;
			shellPath = /bin/sh;
			shellScript = "diff \"${PODS_PODFILE_DIR_PATH}/Podfile.lock\" \"${PODS_ROOT}/Manifest.lock\" > /dev/null\nif [ $? != 0 ] ; then\n    # print error to STDERR\n    echo \"error: The sandbox is not in sync with the Podfile.lock. Run 'pod install' or update your CocoaPods installation.\" >&2\n    exit 1\nfi\n# This output is used by Xcode 'outputs' to avoid re-running this script phase.\necho \"SUCCESS\" > \"${SCRIPT_OUTPUT_FILE_0}\"\n";
			showEnvVarsInLog = 0;
		};
		9FF3B870F6316C05A9A0E76A /* [CP] Embed Pods Frameworks */ = {
			isa = PBXShellScriptBuildPhase;
			buildActionMask = 2147483647;
			files = (
			);
			inputFileListPaths = (
			);
			inputPaths = (
				"${PODS_ROOT}/Target Support Files/Pods-HuChuangApp/Pods-HuChuangApp-frameworks.sh",
				"${BUILT_PRODUCTS_DIR}/Alamofire/Alamofire.framework",
				"${BUILT_PRODUCTS_DIR}/Differentiator/Differentiator.framework",
				"${BUILT_PRODUCTS_DIR}/HandyJSON/HandyJSON.framework",
				"${BUILT_PRODUCTS_DIR}/Kingfisher/Kingfisher.framework",
				"${BUILT_PRODUCTS_DIR}/MJRefresh/MJRefresh.framework",
				"${BUILT_PRODUCTS_DIR}/Moya/Moya.framework",
				"${BUILT_PRODUCTS_DIR}/Result/Result.framework",
				"${BUILT_PRODUCTS_DIR}/RxCocoa/RxCocoa.framework",
				"${BUILT_PRODUCTS_DIR}/RxDataSources/RxDataSources.framework",
				"${BUILT_PRODUCTS_DIR}/RxSwift/RxSwift.framework",
				"${BUILT_PRODUCTS_DIR}/SQLite.swift/SQLite.framework",
				"${BUILT_PRODUCTS_DIR}/SnapKit/SnapKit.framework",
			);
			name = "[CP] Embed Pods Frameworks";
			outputFileListPaths = (
			);
			outputPaths = (
				"${TARGET_BUILD_DIR}/${FRAMEWORKS_FOLDER_PATH}/Alamofire.framework",
				"${TARGET_BUILD_DIR}/${FRAMEWORKS_FOLDER_PATH}/Differentiator.framework",
				"${TARGET_BUILD_DIR}/${FRAMEWORKS_FOLDER_PATH}/HandyJSON.framework",
				"${TARGET_BUILD_DIR}/${FRAMEWORKS_FOLDER_PATH}/Kingfisher.framework",
				"${TARGET_BUILD_DIR}/${FRAMEWORKS_FOLDER_PATH}/MJRefresh.framework",
				"${TARGET_BUILD_DIR}/${FRAMEWORKS_FOLDER_PATH}/Moya.framework",
				"${TARGET_BUILD_DIR}/${FRAMEWORKS_FOLDER_PATH}/Result.framework",
				"${TARGET_BUILD_DIR}/${FRAMEWORKS_FOLDER_PATH}/RxCocoa.framework",
				"${TARGET_BUILD_DIR}/${FRAMEWORKS_FOLDER_PATH}/RxDataSources.framework",
				"${TARGET_BUILD_DIR}/${FRAMEWORKS_FOLDER_PATH}/RxSwift.framework",
				"${TARGET_BUILD_DIR}/${FRAMEWORKS_FOLDER_PATH}/SQLite.framework",
				"${TARGET_BUILD_DIR}/${FRAMEWORKS_FOLDER_PATH}/SnapKit.framework",
			);
			runOnlyForDeploymentPostprocessing = 0;
			shellPath = /bin/sh;
			shellScript = "\"${PODS_ROOT}/Target Support Files/Pods-HuChuangApp/Pods-HuChuangApp-frameworks.sh\"\n";
			showEnvVarsInLog = 0;
		};
/* End PBXShellScriptBuildPhase section */

/* Begin PBXSourcesBuildPhase section */
		C42132E722054462006C10C4 /* Sources */ = {
			isa = PBXSourcesBuildPhase;
			buildActionMask = 2147483647;
			files = (
				C421332622056F24006C10C4 /* FrameView.swift in Sources */,
				C421331822056D5E006C10C4 /* MainNavigationController.swift in Sources */,
				C421332722056F24006C10C4 /* HUDIndicatorView.swift in Sources */,
				C421332822056F24006C10C4 /* TYHUDAnimating.swift in Sources */,
				C4213336220570B6006C10C4 /* UIView+Frame.swift in Sources */,
				C421332F22056F4C006C10C4 /* NoticesCenter.swift in Sources */,
				C421332922056F24006C10C4 /* TYIndicatorBaseView.swift in Sources */,
				C421331222056BD1006C10C4 /* BaseNavigationController.swift in Sources */,
				C421332C22056F24006C10C4 /* TYHUD.swift in Sources */,
				C421332A22056F24006C10C4 /* BackgroundView.swift in Sources */,
				C421332B22056F24006C10C4 /* HUD.swift in Sources */,
				C421331422056C37006C10C4 /* Debug.swift in Sources */,
				C421331622056C74006C10C4 /* HCAppConfig.swift in Sources */,
				C421333A220572F2006C10C4 /* HCTabBarViewController.swift in Sources */,
				C421330B22056B59006C10C4 /* HCAppDelegate.swift in Sources */,
				C421333422056FB8006C10C4 /* UIDevice+Extension.swift in Sources */,
				C421332D22056F24006C10C4 /* HUDUtil.swift in Sources */,
				C421331C22056E83006C10C4 /* ViewControllerServer.swift in Sources */,
				C421331A22056E55006C10C4 /* BaseViewController.swift in Sources */,
				C421333222056F96006C10C4 /* UIKit+Extension.swift in Sources */,
			);
			runOnlyForDeploymentPostprocessing = 0;
		};
/* End PBXSourcesBuildPhase section */

/* Begin PBXVariantGroup section */
		C42132F722054463006C10C4 /* LaunchScreen.storyboard */ = {
			isa = PBXVariantGroup;
			children = (
				C42132F822054463006C10C4 /* Base */,
			);
			name = LaunchScreen.storyboard;
			sourceTree = "<group>";
		};
/* End PBXVariantGroup section */

/* Begin XCBuildConfiguration section */
		C42132FB22054463006C10C4 /* Debug */ = {
			isa = XCBuildConfiguration;
			buildSettings = {
				ALWAYS_SEARCH_USER_PATHS = NO;
				CLANG_ANALYZER_NONNULL = YES;
				CLANG_ANALYZER_NUMBER_OBJECT_CONVERSION = YES_AGGRESSIVE;
				CLANG_CXX_LANGUAGE_STANDARD = "gnu++14";
				CLANG_CXX_LIBRARY = "libc++";
				CLANG_ENABLE_MODULES = YES;
				CLANG_ENABLE_OBJC_ARC = YES;
				CLANG_ENABLE_OBJC_WEAK = YES;
				CLANG_WARN_BLOCK_CAPTURE_AUTORELEASING = YES;
				CLANG_WARN_BOOL_CONVERSION = YES;
				CLANG_WARN_COMMA = YES;
				CLANG_WARN_CONSTANT_CONVERSION = YES;
				CLANG_WARN_DEPRECATED_OBJC_IMPLEMENTATIONS = YES;
				CLANG_WARN_DIRECT_OBJC_ISA_USAGE = YES_ERROR;
				CLANG_WARN_DOCUMENTATION_COMMENTS = YES;
				CLANG_WARN_EMPTY_BODY = YES;
				CLANG_WARN_ENUM_CONVERSION = YES;
				CLANG_WARN_INFINITE_RECURSION = YES;
				CLANG_WARN_INT_CONVERSION = YES;
				CLANG_WARN_NON_LITERAL_NULL_CONVERSION = YES;
				CLANG_WARN_OBJC_IMPLICIT_RETAIN_SELF = YES;
				CLANG_WARN_OBJC_LITERAL_CONVERSION = YES;
				CLANG_WARN_OBJC_ROOT_CLASS = YES_ERROR;
				CLANG_WARN_RANGE_LOOP_ANALYSIS = YES;
				CLANG_WARN_STRICT_PROTOTYPES = YES;
				CLANG_WARN_SUSPICIOUS_MOVE = YES;
				CLANG_WARN_UNGUARDED_AVAILABILITY = YES_AGGRESSIVE;
				CLANG_WARN_UNREACHABLE_CODE = YES;
				CLANG_WARN__DUPLICATE_METHOD_MATCH = YES;
				CODE_SIGN_IDENTITY = "iPhone Developer";
				COPY_PHASE_STRIP = NO;
				DEBUG_INFORMATION_FORMAT = dwarf;
				ENABLE_STRICT_OBJC_MSGSEND = YES;
				ENABLE_TESTABILITY = YES;
				GCC_C_LANGUAGE_STANDARD = gnu11;
				GCC_DYNAMIC_NO_PIC = NO;
				GCC_NO_COMMON_BLOCKS = YES;
				GCC_OPTIMIZATION_LEVEL = 0;
				GCC_PREPROCESSOR_DEFINITIONS = (
					"DEBUG=1",
					"$(inherited)",
				);
				GCC_WARN_64_TO_32_BIT_CONVERSION = YES;
				GCC_WARN_ABOUT_RETURN_TYPE = YES_ERROR;
				GCC_WARN_UNDECLARED_SELECTOR = YES;
				GCC_WARN_UNINITIALIZED_AUTOS = YES_AGGRESSIVE;
				GCC_WARN_UNUSED_FUNCTION = YES;
				GCC_WARN_UNUSED_VARIABLE = YES;
				IPHONEOS_DEPLOYMENT_TARGET = 12.1;
				MTL_ENABLE_DEBUG_INFO = INCLUDE_SOURCE;
				MTL_FAST_MATH = YES;
				ONLY_ACTIVE_ARCH = YES;
				SDKROOT = iphoneos;
				SWIFT_ACTIVE_COMPILATION_CONDITIONS = DEBUG;
				SWIFT_OPTIMIZATION_LEVEL = "-Onone";
			};
			name = Debug;
		};
		C42132FC22054463006C10C4 /* Release */ = {
			isa = XCBuildConfiguration;
			buildSettings = {
				ALWAYS_SEARCH_USER_PATHS = NO;
				CLANG_ANALYZER_NONNULL = YES;
				CLANG_ANALYZER_NUMBER_OBJECT_CONVERSION = YES_AGGRESSIVE;
				CLANG_CXX_LANGUAGE_STANDARD = "gnu++14";
				CLANG_CXX_LIBRARY = "libc++";
				CLANG_ENABLE_MODULES = YES;
				CLANG_ENABLE_OBJC_ARC = YES;
				CLANG_ENABLE_OBJC_WEAK = YES;
				CLANG_WARN_BLOCK_CAPTURE_AUTORELEASING = YES;
				CLANG_WARN_BOOL_CONVERSION = YES;
				CLANG_WARN_COMMA = YES;
				CLANG_WARN_CONSTANT_CONVERSION = YES;
				CLANG_WARN_DEPRECATED_OBJC_IMPLEMENTATIONS = YES;
				CLANG_WARN_DIRECT_OBJC_ISA_USAGE = YES_ERROR;
				CLANG_WARN_DOCUMENTATION_COMMENTS = YES;
				CLANG_WARN_EMPTY_BODY = YES;
				CLANG_WARN_ENUM_CONVERSION = YES;
				CLANG_WARN_INFINITE_RECURSION = YES;
				CLANG_WARN_INT_CONVERSION = YES;
				CLANG_WARN_NON_LITERAL_NULL_CONVERSION = YES;
				CLANG_WARN_OBJC_IMPLICIT_RETAIN_SELF = YES;
				CLANG_WARN_OBJC_LITERAL_CONVERSION = YES;
				CLANG_WARN_OBJC_ROOT_CLASS = YES_ERROR;
				CLANG_WARN_RANGE_LOOP_ANALYSIS = YES;
				CLANG_WARN_STRICT_PROTOTYPES = YES;
				CLANG_WARN_SUSPICIOUS_MOVE = YES;
				CLANG_WARN_UNGUARDED_AVAILABILITY = YES_AGGRESSIVE;
				CLANG_WARN_UNREACHABLE_CODE = YES;
				CLANG_WARN__DUPLICATE_METHOD_MATCH = YES;
				CODE_SIGN_IDENTITY = "iPhone Developer";
				COPY_PHASE_STRIP = NO;
				DEBUG_INFORMATION_FORMAT = "dwarf-with-dsym";
				ENABLE_NS_ASSERTIONS = NO;
				ENABLE_STRICT_OBJC_MSGSEND = YES;
				GCC_C_LANGUAGE_STANDARD = gnu11;
				GCC_NO_COMMON_BLOCKS = YES;
				GCC_WARN_64_TO_32_BIT_CONVERSION = YES;
				GCC_WARN_ABOUT_RETURN_TYPE = YES_ERROR;
				GCC_WARN_UNDECLARED_SELECTOR = YES;
				GCC_WARN_UNINITIALIZED_AUTOS = YES_AGGRESSIVE;
				GCC_WARN_UNUSED_FUNCTION = YES;
				GCC_WARN_UNUSED_VARIABLE = YES;
				IPHONEOS_DEPLOYMENT_TARGET = 12.1;
				MTL_ENABLE_DEBUG_INFO = NO;
				MTL_FAST_MATH = YES;
				SDKROOT = iphoneos;
				SWIFT_COMPILATION_MODE = wholemodule;
				SWIFT_OPTIMIZATION_LEVEL = "-O";
				VALIDATE_PRODUCT = YES;
			};
			name = Release;
		};
		C42132FE22054463006C10C4 /* Debug */ = {
			isa = XCBuildConfiguration;
			baseConfigurationReference = 9AD9FF392745B099CB0232B2 /* Pods-HuChuangApp.debug.xcconfig */;
			buildSettings = {
				ASSETCATALOG_COMPILER_APPICON_NAME = AppIcon;
				CODE_SIGN_STYLE = Automatic;
				INFOPLIST_FILE = HuChuangApp/Info.plist;
				IPHONEOS_DEPLOYMENT_TARGET = 8.0;
				LD_RUNPATH_SEARCH_PATHS = (
					"$(inherited)",
					"@executable_path/Frameworks",
				);
				PRODUCT_BUNDLE_IDENTIFIER = com.huchuang.guangsan;
				PRODUCT_NAME = "$(TARGET_NAME)";
				SWIFT_VERSION = 4.2;
				TARGETED_DEVICE_FAMILY = "1,2";
			};
			name = Debug;
		};
		C42132FF22054463006C10C4 /* Release */ = {
			isa = XCBuildConfiguration;
			baseConfigurationReference = B134908D77E06AADC9A7A4A3 /* Pods-HuChuangApp.release.xcconfig */;
			buildSettings = {
				ASSETCATALOG_COMPILER_APPICON_NAME = AppIcon;
				CODE_SIGN_STYLE = Automatic;
				INFOPLIST_FILE = HuChuangApp/Info.plist;
				IPHONEOS_DEPLOYMENT_TARGET = 8.0;
				LD_RUNPATH_SEARCH_PATHS = (
					"$(inherited)",
					"@executable_path/Frameworks",
				);
				PRODUCT_BUNDLE_IDENTIFIER = com.huchuang.guangsan;
				PRODUCT_NAME = "$(TARGET_NAME)";
				SWIFT_VERSION = 4.2;
				TARGETED_DEVICE_FAMILY = "1,2";
			};
			name = Release;
		};
/* End XCBuildConfiguration section */

/* Begin XCConfigurationList section */
		C42132E622054462006C10C4 /* Build configuration list for PBXProject "HuChuangApp" */ = {
			isa = XCConfigurationList;
			buildConfigurations = (
				C42132FB22054463006C10C4 /* Debug */,
				C42132FC22054463006C10C4 /* Release */,
			);
			defaultConfigurationIsVisible = 0;
			defaultConfigurationName = Release;
		};
		C42132FD22054463006C10C4 /* Build configuration list for PBXNativeTarget "HuChuangApp" */ = {
			isa = XCConfigurationList;
			buildConfigurations = (
				C42132FE22054463006C10C4 /* Debug */,
				C42132FF22054463006C10C4 /* Release */,
			);
			defaultConfigurationIsVisible = 0;
			defaultConfigurationName = Release;
		};
/* End XCConfigurationList section */
	};
	rootObject = C42132E322054462006C10C4 /* Project object */;
}
